// !$*UTF8*$!
{
	archiveVersion = 1;
	classes = {
	};
	objectVersion = 48;
	objects = {

/* Begin PBXBuildFile section */
		0144B5DE20ED1D25007791C4 /* PlansViewController.swift in Sources */ = {isa = PBXBuildFile; fileRef = 0144B5DD20ED1D25007791C4 /* PlansViewController.swift */; };
		0146FD8C20F4B7E900AFEE82 /* TwoGHViewController.swift in Sources */ = {isa = PBXBuildFile; fileRef = 0146FD8B20F4B7E900AFEE82 /* TwoGHViewController.swift */; };
		0146FD8E20F4BF3F00AFEE82 /* DbleValueMonthlyViewController.swift in Sources */ = {isa = PBXBuildFile; fileRef = 0146FD8D20F4BF3F00AFEE82 /* DbleValueMonthlyViewController.swift */; };
		0146FD9020F4C99200AFEE82 /* RedClassicDataViewController.swift in Sources */ = {isa = PBXBuildFile; fileRef = 0146FD8F20F4C99200AFEE82 /* RedClassicDataViewController.swift */; };
		0146FD9220F4CEF500AFEE82 /* RedClassicFreedomViewController.swift in Sources */ = {isa = PBXBuildFile; fileRef = 0146FD9120F4CEF500AFEE82 /* RedClassicFreedomViewController.swift */; };
		0146FD9420F4D6D200AFEE82 /* RedHotDataViewController.swift in Sources */ = {isa = PBXBuildFile; fileRef = 0146FD9320F4D6D200AFEE82 /* RedHotDataViewController.swift */; };
		0146FD9620F4F46D00AFEE82 /* RedHotFreedomViewController.swift in Sources */ = {isa = PBXBuildFile; fileRef = 0146FD9520F4F46D00AFEE82 /* RedHotFreedomViewController.swift */; };
		0146FD9820F4FAC800AFEE82 /* RedHotVoiceViewController.swift in Sources */ = {isa = PBXBuildFile; fileRef = 0146FD9720F4FAC800AFEE82 /* RedHotVoiceViewController.swift */; };
		0146FD9A20F4FE9A00AFEE82 /* RedRushDataViewController.swift in Sources */ = {isa = PBXBuildFile; fileRef = 0146FD9920F4FE9A00AFEE82 /* RedRushDataViewController.swift */; };
		0146FD9C20F5048900AFEE82 /* RedRushFreedomViewController.swift in Sources */ = {isa = PBXBuildFile; fileRef = 0146FD9B20F5048900AFEE82 /* RedRushFreedomViewController.swift */; };
		0146FD9E20F5106A00AFEE82 /* RedRushVoiceViewController.swift in Sources */ = {isa = PBXBuildFile; fileRef = 0146FD9D20F5106A00AFEE82 /* RedRushVoiceViewController.swift */; };
		0148E06320D915E9003D3F54 /* LogoutViewController.swift in Sources */ = {isa = PBXBuildFile; fileRef = 0148E06220D915E9003D3F54 /* LogoutViewController.swift */; };
		0148E06520D9237E003D3F54 /* SettingsViewController.swift in Sources */ = {isa = PBXBuildFile; fileRef = 0148E06420D9237E003D3F54 /* SettingsViewController.swift */; };
		014E311720ECCD03004ACE9A /* toppingUpViewController.swift in Sources */ = {isa = PBXBuildFile; fileRef = 014E311620ECCD03004ACE9A /* toppingUpViewController.swift */; };
		01853EB820CFD19A002DEB7D /* ProductsServicesViewController.swift in Sources */ = {isa = PBXBuildFile; fileRef = 01853EB720CFD19A002DEB7D /* ProductsServicesViewController.swift */; };
		01853EBA20CFD81E002DEB7D /* CardView.swift in Sources */ = {isa = PBXBuildFile; fileRef = 01853EB920CFD81E002DEB7D /* CardView.swift */; };
		01853EBC20D00CB4002DEB7D /* AddServiceViewController.swift in Sources */ = {isa = PBXBuildFile; fileRef = 01853EBB20D00CB4002DEB7D /* AddServiceViewController.swift */; };
		01853EBE20D05957002DEB7D /* UserProductsViewController.swift in Sources */ = {isa = PBXBuildFile; fileRef = 01853EBD20D05957002DEB7D /* UserProductsViewController.swift */; };
		01885B2220CED5B100D0A325 /* homePrePaidViewController.swift in Sources */ = {isa = PBXBuildFile; fileRef = 01885B2120CED5B100D0A325 /* homePrePaidViewController.swift */; };
		0188912820EE76290080697F /* OneGHPlanViewController.swift in Sources */ = {isa = PBXBuildFile; fileRef = 0188912720EE76290080697F /* OneGHPlanViewController.swift */; };
		018BB2DA21008A5B0004D697 /* ProductsServicesOneViewController.swift in Sources */ = {isa = PBXBuildFile; fileRef = 018BB2D921008A5B0004D697 /* ProductsServicesOneViewController.swift */; };
		018BB2DC21009B490004D697 /* mvaExtensions.swift in Sources */ = {isa = PBXBuildFile; fileRef = 018BB2DB21009B490004D697 /* mvaExtensions.swift */; };
		019538632108C5EB00E492A7 /* mvaConfig.swift in Sources */ = {isa = PBXBuildFile; fileRef = 019538622108C5EB00E492A7 /* mvaConfig.swift */; };
		019538652108D48500E492A7 /* DisplayChosenOfferViewController.swift in Sources */ = {isa = PBXBuildFile; fileRef = 019538642108D48500E492A7 /* DisplayChosenOfferViewController.swift */; };
		0198E74E20DAB4B9000820F7 /* LoginViewController.swift in Sources */ = {isa = PBXBuildFile; fileRef = 0198E74D20DAB4B9000820F7 /* LoginViewController.swift */; };
		01AC079020D7F2DD0034B6B8 /* AboutViewController.swift in Sources */ = {isa = PBXBuildFile; fileRef = 01AC078F20D7F2DD0034B6B8 /* AboutViewController.swift */; };
		01AC079220D80CDC0034B6B8 /* TermsConditionsViewController.swift in Sources */ = {isa = PBXBuildFile; fileRef = 01AC079120D80CDC0034B6B8 /* TermsConditionsViewController.swift */; };
		01AC079420D814320034B6B8 /* PrivacyPolicyViewController.swift in Sources */ = {isa = PBXBuildFile; fileRef = 01AC079320D814320034B6B8 /* PrivacyPolicyViewController.swift */; };
		01C022FE20C99304003E48CC /* AppDelegate.swift in Sources */ = {isa = PBXBuildFile; fileRef = 01C022FD20C99304003E48CC /* AppDelegate.swift */; };
		01C0230020C99304003E48CC /* ViewController.swift in Sources */ = {isa = PBXBuildFile; fileRef = 01C022FF20C99304003E48CC /* ViewController.swift */; };
		01C0230320C99304003E48CC /* Main.storyboard in Resources */ = {isa = PBXBuildFile; fileRef = 01C0230120C99304003E48CC /* Main.storyboard */; };
		01C0230520C99304003E48CC /* Assets.xcassets in Resources */ = {isa = PBXBuildFile; fileRef = 01C0230420C99304003E48CC /* Assets.xcassets */; };
		01C0230820C99304003E48CC /* LaunchScreen.storyboard in Resources */ = {isa = PBXBuildFile; fileRef = 01C0230620C99304003E48CC /* LaunchScreen.storyboard */; };
		01C0233A20C9C940003E48CC /* Roboto-Medium.ttf in Resources */ = {isa = PBXBuildFile; fileRef = 01C0233320C9C940003E48CC /* Roboto-Medium.ttf */; };
		01C0233B20C9C940003E48CC /* VodafoneLt.ttf in Resources */ = {isa = PBXBuildFile; fileRef = 01C0233420C9C940003E48CC /* VodafoneLt.ttf */; };
		01C0233C20C9C940003E48CC /* Roboto-Regular.ttf in Resources */ = {isa = PBXBuildFile; fileRef = 01C0233520C9C940003E48CC /* Roboto-Regular.ttf */; };
		01C0233D20C9C940003E48CC /* VodafoneRg_Bd.ttf in Resources */ = {isa = PBXBuildFile; fileRef = 01C0233620C9C940003E48CC /* VodafoneRg_Bd.ttf */; };
		01C0233E20C9C940003E48CC /* Roboto-Thin.ttf in Resources */ = {isa = PBXBuildFile; fileRef = 01C0233720C9C940003E48CC /* Roboto-Thin.ttf */; };
		01C0233F20C9C940003E48CC /* VodafoneRg.ttf in Resources */ = {isa = PBXBuildFile; fileRef = 01C0233820C9C940003E48CC /* VodafoneRg.ttf */; };
		01C0234020C9C940003E48CC /* Roboto-Light.ttf in Resources */ = {isa = PBXBuildFile; fileRef = 01C0233920C9C940003E48CC /* Roboto-Light.ttf */; };
		01C0234E20C9C957003E48CC /* custom.css in Resources */ = {isa = PBXBuildFile; fileRef = 01C0234120C9C956003E48CC /* custom.css */; };
		01C0234F20C9C957003E48CC /* simswap.html in Resources */ = {isa = PBXBuildFile; fileRef = 01C0234220C9C956003E48CC /* simswap.html */; };
		01C0235020C9C957003E48CC /* terms.css in Resources */ = {isa = PBXBuildFile; fileRef = 01C0234320C9C956003E48CC /* terms.css */; };
		01C0235120C9C957003E48CC /* icon2.png in Resources */ = {isa = PBXBuildFile; fileRef = 01C0234420C9C956003E48CC /* icon2.png */; };
		01C0235220C9C957003E48CC /* terms_netperform.html in Resources */ = {isa = PBXBuildFile; fileRef = 01C0234520C9C956003E48CC /* terms_netperform.html */; };
		01C0235320C9C957003E48CC /* data_permissions.html in Resources */ = {isa = PBXBuildFile; fileRef = 01C0234620C9C956003E48CC /* data_permissions.html */; };
		01C0235420C9C957003E48CC /* font.css in Resources */ = {isa = PBXBuildFile; fileRef = 01C0234720C9C956003E48CC /* font.css */; };
		01C0235520C9C957003E48CC /* icon1.png in Resources */ = {isa = PBXBuildFile; fileRef = 01C0234820C9C957003E48CC /* icon1.png */; };
		01C0235620C9C957003E48CC /* app.v2.css in Resources */ = {isa = PBXBuildFile; fileRef = 01C0234920C9C957003E48CC /* app.v2.css */; };
		01C0235720C9C957003E48CC /* slidebars.min.css in Resources */ = {isa = PBXBuildFile; fileRef = 01C0234A20C9C957003E48CC /* slidebars.min.css */; };
		01C0235820C9C957003E48CC /* terms_and_conditions.html in Resources */ = {isa = PBXBuildFile; fileRef = 01C0234B20C9C957003E48CC /* terms_and_conditions.html */; };
		01C0235920C9C957003E48CC /* roaming_faq.html in Resources */ = {isa = PBXBuildFile; fileRef = 01C0234C20C9C957003E48CC /* roaming_faq.html */; };
		01C0235A20C9C957003E48CC /* roamingdiscounts.html in Resources */ = {isa = PBXBuildFile; fileRef = 01C0234D20C9C957003E48CC /* roamingdiscounts.html */; };
		01C1A8172107A01300D4CDDC /* mvaURLS.swift in Sources */ = {isa = PBXBuildFile; fileRef = 01C1A8162107A01300D4CDDC /* mvaURLS.swift */; };
		281AB50920E6713200AFE4A6 /* OffersExtrasViewController.swift in Sources */ = {isa = PBXBuildFile; fileRef = 281AB50820E6713200AFE4A6 /* OffersExtrasViewController.swift */; };
		28937EE620EF96D20061F82B /* RoundView.swift in Sources */ = {isa = PBXBuildFile; fileRef = 28937EE520EF96D20061F82B /* RoundView.swift */; };
		28E4B19120E966BF00336B1B /* TopUpViewController.swift in Sources */ = {isa = PBXBuildFile; fileRef = 28E4B19020E966BF00336B1B /* TopUpViewController.swift */; };
/* End PBXBuildFile section */

/* Begin PBXFileReference section */
		0144B5DD20ED1D25007791C4 /* PlansViewController.swift */ = {isa = PBXFileReference; lastKnownFileType = sourcecode.swift; path = PlansViewController.swift; sourceTree = "<group>"; };
		0146FD8B20F4B7E900AFEE82 /* TwoGHViewController.swift */ = {isa = PBXFileReference; lastKnownFileType = sourcecode.swift; path = TwoGHViewController.swift; sourceTree = "<group>"; };
		0146FD8D20F4BF3F00AFEE82 /* DbleValueMonthlyViewController.swift */ = {isa = PBXFileReference; lastKnownFileType = sourcecode.swift; path = DbleValueMonthlyViewController.swift; sourceTree = "<group>"; };
		0146FD8F20F4C99200AFEE82 /* RedClassicDataViewController.swift */ = {isa = PBXFileReference; lastKnownFileType = sourcecode.swift; path = RedClassicDataViewController.swift; sourceTree = "<group>"; };
		0146FD9120F4CEF500AFEE82 /* RedClassicFreedomViewController.swift */ = {isa = PBXFileReference; lastKnownFileType = sourcecode.swift; path = RedClassicFreedomViewController.swift; sourceTree = "<group>"; };
		0146FD9320F4D6D200AFEE82 /* RedHotDataViewController.swift */ = {isa = PBXFileReference; lastKnownFileType = sourcecode.swift; path = RedHotDataViewController.swift; sourceTree = "<group>"; };
		0146FD9520F4F46D00AFEE82 /* RedHotFreedomViewController.swift */ = {isa = PBXFileReference; lastKnownFileType = sourcecode.swift; path = RedHotFreedomViewController.swift; sourceTree = "<group>"; };
		0146FD9720F4FAC800AFEE82 /* RedHotVoiceViewController.swift */ = {isa = PBXFileReference; lastKnownFileType = sourcecode.swift; path = RedHotVoiceViewController.swift; sourceTree = "<group>"; };
		0146FD9920F4FE9A00AFEE82 /* RedRushDataViewController.swift */ = {isa = PBXFileReference; lastKnownFileType = sourcecode.swift; path = RedRushDataViewController.swift; sourceTree = "<group>"; };
		0146FD9B20F5048900AFEE82 /* RedRushFreedomViewController.swift */ = {isa = PBXFileReference; lastKnownFileType = sourcecode.swift; path = RedRushFreedomViewController.swift; sourceTree = "<group>"; };
		0146FD9D20F5106A00AFEE82 /* RedRushVoiceViewController.swift */ = {isa = PBXFileReference; lastKnownFileType = sourcecode.swift; path = RedRushVoiceViewController.swift; sourceTree = "<group>"; };
		0148E06220D915E9003D3F54 /* LogoutViewController.swift */ = {isa = PBXFileReference; lastKnownFileType = sourcecode.swift; path = LogoutViewController.swift; sourceTree = "<group>"; };
		0148E06420D9237E003D3F54 /* SettingsViewController.swift */ = {isa = PBXFileReference; lastKnownFileType = sourcecode.swift; path = SettingsViewController.swift; sourceTree = "<group>"; };
		014E311620ECCD03004ACE9A /* toppingUpViewController.swift */ = {isa = PBXFileReference; lastKnownFileType = sourcecode.swift; path = toppingUpViewController.swift; sourceTree = "<group>"; };
		01853EB720CFD19A002DEB7D /* ProductsServicesViewController.swift */ = {isa = PBXFileReference; lastKnownFileType = sourcecode.swift; path = ProductsServicesViewController.swift; sourceTree = "<group>"; };
		01853EB920CFD81E002DEB7D /* CardView.swift */ = {isa = PBXFileReference; lastKnownFileType = sourcecode.swift; path = CardView.swift; sourceTree = "<group>"; };
		01853EBB20D00CB4002DEB7D /* AddServiceViewController.swift */ = {isa = PBXFileReference; lastKnownFileType = sourcecode.swift; path = AddServiceViewController.swift; sourceTree = "<group>"; };
		01853EBD20D05957002DEB7D /* UserProductsViewController.swift */ = {isa = PBXFileReference; lastKnownFileType = sourcecode.swift; path = UserProductsViewController.swift; sourceTree = "<group>"; };
		01885B2120CED5B100D0A325 /* homePrePaidViewController.swift */ = {isa = PBXFileReference; lastKnownFileType = sourcecode.swift; path = homePrePaidViewController.swift; sourceTree = "<group>"; };
		0188912720EE76290080697F /* OneGHPlanViewController.swift */ = {isa = PBXFileReference; lastKnownFileType = sourcecode.swift; path = OneGHPlanViewController.swift; sourceTree = "<group>"; };
		018BB2D921008A5B0004D697 /* ProductsServicesOneViewController.swift */ = {isa = PBXFileReference; lastKnownFileType = sourcecode.swift; path = ProductsServicesOneViewController.swift; sourceTree = "<group>"; };
		018BB2DB21009B490004D697 /* mvaExtensions.swift */ = {isa = PBXFileReference; lastKnownFileType = sourcecode.swift; path = mvaExtensions.swift; sourceTree = "<group>"; };
		019538622108C5EB00E492A7 /* mvaConfig.swift */ = {isa = PBXFileReference; lastKnownFileType = sourcecode.swift; path = mvaConfig.swift; sourceTree = "<group>"; };
		019538642108D48500E492A7 /* DisplayChosenOfferViewController.swift */ = {isa = PBXFileReference; lastKnownFileType = sourcecode.swift; path = DisplayChosenOfferViewController.swift; sourceTree = "<group>"; };
		0198E74D20DAB4B9000820F7 /* LoginViewController.swift */ = {isa = PBXFileReference; lastKnownFileType = sourcecode.swift; path = LoginViewController.swift; sourceTree = "<group>"; };
		0198E74F20DAE303000820F7 /* My Vodafone-Bridging-Header.h */ = {isa = PBXFileReference; lastKnownFileType = sourcecode.c.h; path = "My Vodafone-Bridging-Header.h"; sourceTree = "<group>"; };
		01AC078F20D7F2DD0034B6B8 /* AboutViewController.swift */ = {isa = PBXFileReference; lastKnownFileType = sourcecode.swift; path = AboutViewController.swift; sourceTree = "<group>"; };
		01AC079120D80CDC0034B6B8 /* TermsConditionsViewController.swift */ = {isa = PBXFileReference; lastKnownFileType = sourcecode.swift; path = TermsConditionsViewController.swift; sourceTree = "<group>"; };
		01AC079320D814320034B6B8 /* PrivacyPolicyViewController.swift */ = {isa = PBXFileReference; lastKnownFileType = sourcecode.swift; path = PrivacyPolicyViewController.swift; sourceTree = "<group>"; };
		01C022FA20C99304003E48CC /* My Vodafone.app */ = {isa = PBXFileReference; explicitFileType = wrapper.application; includeInIndex = 0; path = "My Vodafone.app"; sourceTree = BUILT_PRODUCTS_DIR; };
		01C022FD20C99304003E48CC /* AppDelegate.swift */ = {isa = PBXFileReference; lastKnownFileType = sourcecode.swift; path = AppDelegate.swift; sourceTree = "<group>"; };
		01C022FF20C99304003E48CC /* ViewController.swift */ = {isa = PBXFileReference; lastKnownFileType = sourcecode.swift; path = ViewController.swift; sourceTree = "<group>"; };
		01C0230220C99304003E48CC /* Base */ = {isa = PBXFileReference; lastKnownFileType = file.storyboard; name = Base; path = Base.lproj/Main.storyboard; sourceTree = "<group>"; };
		01C0230420C99304003E48CC /* Assets.xcassets */ = {isa = PBXFileReference; lastKnownFileType = folder.assetcatalog; path = Assets.xcassets; sourceTree = "<group>"; };
		01C0230720C99304003E48CC /* Base */ = {isa = PBXFileReference; lastKnownFileType = file.storyboard; name = Base; path = Base.lproj/LaunchScreen.storyboard; sourceTree = "<group>"; };
		01C0230920C99304003E48CC /* Info.plist */ = {isa = PBXFileReference; lastKnownFileType = text.plist.xml; path = Info.plist; sourceTree = "<group>"; };
		01C0233320C9C940003E48CC /* Roboto-Medium.ttf */ = {isa = PBXFileReference; lastKnownFileType = file; path = "Roboto-Medium.ttf"; sourceTree = "<group>"; };
		01C0233420C9C940003E48CC /* VodafoneLt.ttf */ = {isa = PBXFileReference; lastKnownFileType = file; path = VodafoneLt.ttf; sourceTree = "<group>"; };
		01C0233520C9C940003E48CC /* Roboto-Regular.ttf */ = {isa = PBXFileReference; lastKnownFileType = file; path = "Roboto-Regular.ttf"; sourceTree = "<group>"; };
		01C0233620C9C940003E48CC /* VodafoneRg_Bd.ttf */ = {isa = PBXFileReference; lastKnownFileType = file; path = VodafoneRg_Bd.ttf; sourceTree = "<group>"; };
		01C0233720C9C940003E48CC /* Roboto-Thin.ttf */ = {isa = PBXFileReference; lastKnownFileType = file; path = "Roboto-Thin.ttf"; sourceTree = "<group>"; };
		01C0233820C9C940003E48CC /* VodafoneRg.ttf */ = {isa = PBXFileReference; lastKnownFileType = file; path = VodafoneRg.ttf; sourceTree = "<group>"; };
		01C0233920C9C940003E48CC /* Roboto-Light.ttf */ = {isa = PBXFileReference; lastKnownFileType = file; path = "Roboto-Light.ttf"; sourceTree = "<group>"; };
		01C0234120C9C956003E48CC /* custom.css */ = {isa = PBXFileReference; fileEncoding = 4; lastKnownFileType = text.css; path = custom.css; sourceTree = "<group>"; };
		01C0234220C9C956003E48CC /* simswap.html */ = {isa = PBXFileReference; fileEncoding = 4; lastKnownFileType = text.html; path = simswap.html; sourceTree = "<group>"; };
		01C0234320C9C956003E48CC /* terms.css */ = {isa = PBXFileReference; fileEncoding = 4; lastKnownFileType = text.css; path = terms.css; sourceTree = "<group>"; };
		01C0234420C9C956003E48CC /* icon2.png */ = {isa = PBXFileReference; lastKnownFileType = image.png; path = icon2.png; sourceTree = "<group>"; };
		01C0234520C9C956003E48CC /* terms_netperform.html */ = {isa = PBXFileReference; fileEncoding = 4; lastKnownFileType = text.html; path = terms_netperform.html; sourceTree = "<group>"; };
		01C0234620C9C956003E48CC /* data_permissions.html */ = {isa = PBXFileReference; fileEncoding = 4; lastKnownFileType = text.html; path = data_permissions.html; sourceTree = "<group>"; };
		01C0234720C9C956003E48CC /* font.css */ = {isa = PBXFileReference; fileEncoding = 4; lastKnownFileType = text.css; path = font.css; sourceTree = "<group>"; };
		01C0234820C9C957003E48CC /* icon1.png */ = {isa = PBXFileReference; lastKnownFileType = image.png; path = icon1.png; sourceTree = "<group>"; };
		01C0234920C9C957003E48CC /* app.v2.css */ = {isa = PBXFileReference; fileEncoding = 4; lastKnownFileType = text.css; path = app.v2.css; sourceTree = "<group>"; };
		01C0234A20C9C957003E48CC /* slidebars.min.css */ = {isa = PBXFileReference; fileEncoding = 4; lastKnownFileType = text.css; path = slidebars.min.css; sourceTree = "<group>"; };
		01C0234B20C9C957003E48CC /* terms_and_conditions.html */ = {isa = PBXFileReference; fileEncoding = 4; lastKnownFileType = text.html; path = terms_and_conditions.html; sourceTree = "<group>"; };
		01C0234C20C9C957003E48CC /* roaming_faq.html */ = {isa = PBXFileReference; fileEncoding = 4; lastKnownFileType = text.html; path = roaming_faq.html; sourceTree = "<group>"; };
		01C0234D20C9C957003E48CC /* roamingdiscounts.html */ = {isa = PBXFileReference; fileEncoding = 4; lastKnownFileType = text.html; path = roamingdiscounts.html; sourceTree = "<group>"; };
		01C1A8162107A01300D4CDDC /* mvaURLS.swift */ = {isa = PBXFileReference; lastKnownFileType = sourcecode.swift; path = mvaURLS.swift; sourceTree = "<group>"; };
		281AB50820E6713200AFE4A6 /* OffersExtrasViewController.swift */ = {isa = PBXFileReference; lastKnownFileType = sourcecode.swift; path = OffersExtrasViewController.swift; sourceTree = "<group>"; };
		28937EE520EF96D20061F82B /* RoundView.swift */ = {isa = PBXFileReference; lastKnownFileType = sourcecode.swift; path = RoundView.swift; sourceTree = "<group>"; };
		28E4B19020E966BF00336B1B /* TopUpViewController.swift */ = {isa = PBXFileReference; lastKnownFileType = sourcecode.swift; path = TopUpViewController.swift; sourceTree = "<group>"; };
/* End PBXFileReference section */

/* Begin PBXFrameworksBuildPhase section */
		01C022F720C99304003E48CC /* Frameworks */ = {
			isa = PBXFrameworksBuildPhase;
			buildActionMask = 2147483647;
			files = (
			);
			runOnlyForDeploymentPostprocessing = 0;
		};
/* End PBXFrameworksBuildPhase section */

/* Begin PBXGroup section */
		01C022F120C99304003E48CC = {
			isa = PBXGroup;
			children = (
				01C022FC20C99304003E48CC /* My Vodafone */,
				01C022FB20C99304003E48CC /* Products */,
			);
			sourceTree = "<group>";
		};
		01C022FB20C99304003E48CC /* Products */ = {
			isa = PBXGroup;
			children = (
				01C022FA20C99304003E48CC /* My Vodafone.app */,
			);
			name = Products;
			sourceTree = "<group>";
		};
		01C022FC20C99304003E48CC /* My Vodafone */ = {
			isa = PBXGroup;
			children = (
				01C0233220C9C907003E48CC /* htmls */,
				01C0233120C9C8F9003E48CC /* fonts */,
				01C022FD20C99304003E48CC /* AppDelegate.swift */,
				018BB2DB21009B490004D697 /* mvaExtensions.swift */,
				01C1A8162107A01300D4CDDC /* mvaURLS.swift */,
				01C022FF20C99304003E48CC /* ViewController.swift */,
				01C0230120C99304003E48CC /* Main.storyboard */,
				01C0230420C99304003E48CC /* Assets.xcassets */,
				01C0230620C99304003E48CC /* LaunchScreen.storyboard */,
				01C0230920C99304003E48CC /* Info.plist */,
				018BB2D921008A5B0004D697 /* ProductsServicesOneViewController.swift */,
				01885B2120CED5B100D0A325 /* homePrePaidViewController.swift */,
				01853EB720CFD19A002DEB7D /* ProductsServicesViewController.swift */,
				01853EB920CFD81E002DEB7D /* CardView.swift */,
				28937EE520EF96D20061F82B /* RoundView.swift */,
				01853EBB20D00CB4002DEB7D /* AddServiceViewController.swift */,
				01853EBD20D05957002DEB7D /* UserProductsViewController.swift */,
				01AC078F20D7F2DD0034B6B8 /* AboutViewController.swift */,
				01AC079120D80CDC0034B6B8 /* TermsConditionsViewController.swift */,
				01AC079320D814320034B6B8 /* PrivacyPolicyViewController.swift */,
				0148E06220D915E9003D3F54 /* LogoutViewController.swift */,
				0148E06420D9237E003D3F54 /* SettingsViewController.swift */,
				0198E74D20DAB4B9000820F7 /* LoginViewController.swift */,
				0198E74F20DAE303000820F7 /* My Vodafone-Bridging-Header.h */,
				281AB50820E6713200AFE4A6 /* OffersExtrasViewController.swift */,
				28E4B19020E966BF00336B1B /* TopUpViewController.swift */,
				014E311620ECCD03004ACE9A /* toppingUpViewController.swift */,
				0144B5DD20ED1D25007791C4 /* PlansViewController.swift */,
				0188912720EE76290080697F /* OneGHPlanViewController.swift */,
				0146FD8B20F4B7E900AFEE82 /* TwoGHViewController.swift */,
				0146FD8D20F4BF3F00AFEE82 /* DbleValueMonthlyViewController.swift */,
				0146FD8F20F4C99200AFEE82 /* RedClassicDataViewController.swift */,
				0146FD9120F4CEF500AFEE82 /* RedClassicFreedomViewController.swift */,
				0146FD9320F4D6D200AFEE82 /* RedHotDataViewController.swift */,
				0146FD9520F4F46D00AFEE82 /* RedHotFreedomViewController.swift */,
				0146FD9720F4FAC800AFEE82 /* RedHotVoiceViewController.swift */,
				0146FD9920F4FE9A00AFEE82 /* RedRushDataViewController.swift */,
				0146FD9B20F5048900AFEE82 /* RedRushFreedomViewController.swift */,
				0146FD9D20F5106A00AFEE82 /* RedRushVoiceViewController.swift */,
				019538622108C5EB00E492A7 /* mvaConfig.swift */,
				019538642108D48500E492A7 /* DisplayChosenOfferViewController.swift */,
			);
			path = "My Vodafone";
			sourceTree = "<group>";
		};
		01C0233120C9C8F9003E48CC /* fonts */ = {
			isa = PBXGroup;
			children = (
				01C0233920C9C940003E48CC /* Roboto-Light.ttf */,
				01C0233320C9C940003E48CC /* Roboto-Medium.ttf */,
				01C0233520C9C940003E48CC /* Roboto-Regular.ttf */,
				01C0233720C9C940003E48CC /* Roboto-Thin.ttf */,
				01C0233420C9C940003E48CC /* VodafoneLt.ttf */,
				01C0233620C9C940003E48CC /* VodafoneRg_Bd.ttf */,
				01C0233820C9C940003E48CC /* VodafoneRg.ttf */,
			);
			path = fonts;
			sourceTree = "<group>";
		};
		01C0233220C9C907003E48CC /* htmls */ = {
			isa = PBXGroup;
			children = (
				01C0234920C9C957003E48CC /* app.v2.css */,
				01C0234120C9C956003E48CC /* custom.css */,
				01C0234620C9C956003E48CC /* data_permissions.html */,
				01C0234720C9C956003E48CC /* font.css */,
				01C0234820C9C957003E48CC /* icon1.png */,
				01C0234420C9C956003E48CC /* icon2.png */,
				01C0234C20C9C957003E48CC /* roaming_faq.html */,
				01C0234D20C9C957003E48CC /* roamingdiscounts.html */,
				01C0234220C9C956003E48CC /* simswap.html */,
				01C0234A20C9C957003E48CC /* slidebars.min.css */,
				01C0234B20C9C957003E48CC /* terms_and_conditions.html */,
				01C0234520C9C956003E48CC /* terms_netperform.html */,
				01C0234320C9C956003E48CC /* terms.css */,
			);
			path = htmls;
			sourceTree = "<group>";
		};
/* End PBXGroup section */

/* Begin PBXNativeTarget section */
		01C022F920C99304003E48CC /* My Vodafone */ = {
			isa = PBXNativeTarget;
			buildConfigurationList = 01C0230C20C99305003E48CC /* Build configuration list for PBXNativeTarget "My Vodafone" */;
			buildPhases = (
				01C022F620C99304003E48CC /* Sources */,
				01C022F720C99304003E48CC /* Frameworks */,
				01C022F820C99304003E48CC /* Resources */,
			);
			buildRules = (
			);
			dependencies = (
			);
			name = "My Vodafone";
			productName = "My Vodafone";
			productReference = 01C022FA20C99304003E48CC /* My Vodafone.app */;
			productType = "com.apple.product-type.application";
		};
/* End PBXNativeTarget section */

/* Begin PBXProject section */
		01C022F220C99304003E48CC /* Project object */ = {
			isa = PBXProject;
			attributes = {
				LastSwiftUpdateCheck = 0920;
				LastUpgradeCheck = 0920;
				ORGANIZATIONNAME = "Chef Dennis Barimah";
				TargetAttributes = {
					01C022F920C99304003E48CC = {
						CreatedOnToolsVersion = 9.2;
						LastSwiftMigration = 0920;
						ProvisioningStyle = Automatic;
					};
				};
			};
			buildConfigurationList = 01C022F520C99304003E48CC /* Build configuration list for PBXProject "My Vodafone" */;
			compatibilityVersion = "Xcode 8.0";
			developmentRegion = en;
			hasScannedForEncodings = 0;
			knownRegions = (
				en,
				Base,
			);
			mainGroup = 01C022F120C99304003E48CC;
			productRefGroup = 01C022FB20C99304003E48CC /* Products */;
			projectDirPath = "";
			projectRoot = "";
			targets = (
				01C022F920C99304003E48CC /* My Vodafone */,
			);
		};
/* End PBXProject section */

/* Begin PBXResourcesBuildPhase section */
		01C022F820C99304003E48CC /* Resources */ = {
			isa = PBXResourcesBuildPhase;
			buildActionMask = 2147483647;
			files = (
				01C0233E20C9C940003E48CC /* Roboto-Thin.ttf in Resources */,
				01C0233D20C9C940003E48CC /* VodafoneRg_Bd.ttf in Resources */,
				01C0235220C9C957003E48CC /* terms_netperform.html in Resources */,
				01C0234020C9C940003E48CC /* Roboto-Light.ttf in Resources */,
				01C0235020C9C957003E48CC /* terms.css in Resources */,
				01C0233C20C9C940003E48CC /* Roboto-Regular.ttf in Resources */,
				01C0235120C9C957003E48CC /* icon2.png in Resources */,
				01C0233A20C9C940003E48CC /* Roboto-Medium.ttf in Resources */,
				01C0235520C9C957003E48CC /* icon1.png in Resources */,
				01C0235920C9C957003E48CC /* roaming_faq.html in Resources */,
				01C0230820C99304003E48CC /* LaunchScreen.storyboard in Resources */,
				01C0234E20C9C957003E48CC /* custom.css in Resources */,
				01C0235720C9C957003E48CC /* slidebars.min.css in Resources */,
				01C0235420C9C957003E48CC /* font.css in Resources */,
				01C0235820C9C957003E48CC /* terms_and_conditions.html in Resources */,
				01C0234F20C9C957003E48CC /* simswap.html in Resources */,
				01C0233B20C9C940003E48CC /* VodafoneLt.ttf in Resources */,
				01C0233F20C9C940003E48CC /* VodafoneRg.ttf in Resources */,
				01C0235320C9C957003E48CC /* data_permissions.html in Resources */,
				01C0235620C9C957003E48CC /* app.v2.css in Resources */,
				01C0235A20C9C957003E48CC /* roamingdiscounts.html in Resources */,
				01C0230520C99304003E48CC /* Assets.xcassets in Resources */,
				01C0230320C99304003E48CC /* Main.storyboard in Resources */,
			);
			runOnlyForDeploymentPostprocessing = 0;
		};
/* End PBXResourcesBuildPhase section */

/* Begin PBXSourcesBuildPhase section */
		01C022F620C99304003E48CC /* Sources */ = {
			isa = PBXSourcesBuildPhase;
			buildActionMask = 2147483647;
			files = (
				01C0230020C99304003E48CC /* ViewController.swift in Sources */,
				018BB2DC21009B490004D697 /* mvaExtensions.swift in Sources */,
				0146FD8E20F4BF3F00AFEE82 /* DbleValueMonthlyViewController.swift in Sources */,
				01C022FE20C99304003E48CC /* AppDelegate.swift in Sources */,
				0146FD9C20F5048900AFEE82 /* RedRushFreedomViewController.swift in Sources */,
				01853EBC20D00CB4002DEB7D /* AddServiceViewController.swift in Sources */,
				0146FD9220F4CEF500AFEE82 /* RedClassicFreedomViewController.swift in Sources */,
				0146FD9A20F4FE9A00AFEE82 /* RedRushDataViewController.swift in Sources */,
				0146FD9E20F5106A00AFEE82 /* RedRushVoiceViewController.swift in Sources */,
				0188912820EE76290080697F /* OneGHPlanViewController.swift in Sources */,
				01853EB820CFD19A002DEB7D /* ProductsServicesViewController.swift in Sources */,
				28E4B19120E966BF00336B1B /* TopUpViewController.swift in Sources */,
				019538652108D48500E492A7 /* DisplayChosenOfferViewController.swift in Sources */,
				281AB50920E6713200AFE4A6 /* OffersExtrasViewController.swift in Sources */,
				0148E06320D915E9003D3F54 /* LogoutViewController.swift in Sources */,
				0146FD8C20F4B7E900AFEE82 /* TwoGHViewController.swift in Sources */,
				01853EBE20D05957002DEB7D /* UserProductsViewController.swift in Sources */,
				018BB2DA21008A5B0004D697 /* ProductsServicesOneViewController.swift in Sources */,
				0146FD9020F4C99200AFEE82 /* RedClassicDataViewController.swift in Sources */,
				01C1A8172107A01300D4CDDC /* mvaURLS.swift in Sources */,
				01AC079220D80CDC0034B6B8 /* TermsConditionsViewController.swift in Sources */,
				01885B2220CED5B100D0A325 /* homePrePaidViewController.swift in Sources */,
				01AC079420D814320034B6B8 /* PrivacyPolicyViewController.swift in Sources */,
				0146FD9620F4F46D00AFEE82 /* RedHotFreedomViewController.swift in Sources */,
				0146FD9420F4D6D200AFEE82 /* RedHotDataViewController.swift in Sources */,
				01AC079020D7F2DD0034B6B8 /* AboutViewController.swift in Sources */,
				01853EBA20CFD81E002DEB7D /* CardView.swift in Sources */,
				0144B5DE20ED1D25007791C4 /* PlansViewController.swift in Sources */,
				014E311720ECCD03004ACE9A /* toppingUpViewController.swift in Sources */,
				019538632108C5EB00E492A7 /* mvaConfig.swift in Sources */,
				28937EE620EF96D20061F82B /* RoundView.swift in Sources */,
				0146FD9820F4FAC800AFEE82 /* RedHotVoiceViewController.swift in Sources */,
				0198E74E20DAB4B9000820F7 /* LoginViewController.swift in Sources */,
				0148E06520D9237E003D3F54 /* SettingsViewController.swift in Sources */,
			);
			runOnlyForDeploymentPostprocessing = 0;
		};
/* End PBXSourcesBuildPhase section */

/* Begin PBXVariantGroup section */
		01C0230120C99304003E48CC /* Main.storyboard */ = {
			isa = PBXVariantGroup;
			children = (
				01C0230220C99304003E48CC /* Base */,
			);
			name = Main.storyboard;
			sourceTree = "<group>";
		};
		01C0230620C99304003E48CC /* LaunchScreen.storyboard */ = {
			isa = PBXVariantGroup;
			children = (
				01C0230720C99304003E48CC /* Base */,
			);
			name = LaunchScreen.storyboard;
			sourceTree = "<group>";
		};
/* End PBXVariantGroup section */

/* Begin XCBuildConfiguration section */
		01C0230A20C99305003E48CC /* Debug */ = {
			isa = XCBuildConfiguration;
			buildSettings = {
				ALWAYS_SEARCH_USER_PATHS = NO;
				CLANG_ANALYZER_NONNULL = YES;
				CLANG_ANALYZER_NUMBER_OBJECT_CONVERSION = YES_AGGRESSIVE;
				CLANG_CXX_LANGUAGE_STANDARD = "gnu++14";
				CLANG_CXX_LIBRARY = "libc++";
				CLANG_ENABLE_MODULES = YES;
				CLANG_ENABLE_OBJC_ARC = YES;
				CLANG_WARN_BLOCK_CAPTURE_AUTORELEASING = YES;
				CLANG_WARN_BOOL_CONVERSION = YES;
				CLANG_WARN_COMMA = YES;
				CLANG_WARN_CONSTANT_CONVERSION = YES;
				CLANG_WARN_DIRECT_OBJC_ISA_USAGE = YES_ERROR;
				CLANG_WARN_DOCUMENTATION_COMMENTS = YES;
				CLANG_WARN_EMPTY_BODY = YES;
				CLANG_WARN_ENUM_CONVERSION = YES;
				CLANG_WARN_INFINITE_RECURSION = YES;
				CLANG_WARN_INT_CONVERSION = YES;
				CLANG_WARN_NON_LITERAL_NULL_CONVERSION = YES;
				CLANG_WARN_OBJC_LITERAL_CONVERSION = YES;
				CLANG_WARN_OBJC_ROOT_CLASS = YES_ERROR;
				CLANG_WARN_RANGE_LOOP_ANALYSIS = YES;
				CLANG_WARN_STRICT_PROTOTYPES = YES;
				CLANG_WARN_SUSPICIOUS_MOVE = YES;
				CLANG_WARN_UNGUARDED_AVAILABILITY = YES_AGGRESSIVE;
				CLANG_WARN_UNREACHABLE_CODE = YES;
				CLANG_WARN__DUPLICATE_METHOD_MATCH = YES;
				CODE_SIGN_IDENTITY = "iPhone Developer";
				COPY_PHASE_STRIP = NO;
				DEBUG_INFORMATION_FORMAT = dwarf;
				ENABLE_STRICT_OBJC_MSGSEND = YES;
				ENABLE_TESTABILITY = YES;
				GCC_C_LANGUAGE_STANDARD = gnu11;
				GCC_DYNAMIC_NO_PIC = NO;
				GCC_NO_COMMON_BLOCKS = YES;
				GCC_OPTIMIZATION_LEVEL = 0;
				GCC_PREPROCESSOR_DEFINITIONS = (
					"DEBUG=1",
					"$(inherited)",
				);
				GCC_WARN_64_TO_32_BIT_CONVERSION = YES;
				GCC_WARN_ABOUT_RETURN_TYPE = YES_ERROR;
				GCC_WARN_UNDECLARED_SELECTOR = YES;
				GCC_WARN_UNINITIALIZED_AUTOS = YES_AGGRESSIVE;
				GCC_WARN_UNUSED_FUNCTION = YES;
				GCC_WARN_UNUSED_VARIABLE = YES;
				IPHONEOS_DEPLOYMENT_TARGET = 11.2;
				MTL_ENABLE_DEBUG_INFO = YES;
				ONLY_ACTIVE_ARCH = YES;
				SDKROOT = iphoneos;
				SWIFT_ACTIVE_COMPILATION_CONDITIONS = DEBUG;
				SWIFT_OPTIMIZATION_LEVEL = "-Onone";
			};
			name = Debug;
		};
		01C0230B20C99305003E48CC /* Release */ = {
			isa = XCBuildConfiguration;
			buildSettings = {
				ALWAYS_SEARCH_USER_PATHS = NO;
				CLANG_ANALYZER_NONNULL = YES;
				CLANG_ANALYZER_NUMBER_OBJECT_CONVERSION = YES_AGGRESSIVE;
				CLANG_CXX_LANGUAGE_STANDARD = "gnu++14";
				CLANG_CXX_LIBRARY = "libc++";
				CLANG_ENABLE_MODULES = YES;
				CLANG_ENABLE_OBJC_ARC = YES;
				CLANG_WARN_BLOCK_CAPTURE_AUTORELEASING = YES;
				CLANG_WARN_BOOL_CONVERSION = YES;
				CLANG_WARN_COMMA = YES;
				CLANG_WARN_CONSTANT_CONVERSION = YES;
				CLANG_WARN_DIRECT_OBJC_ISA_USAGE = YES_ERROR;
				CLANG_WARN_DOCUMENTATION_COMMENTS = YES;
				CLANG_WARN_EMPTY_BODY = YES;
				CLANG_WARN_ENUM_CONVERSION = YES;
				CLANG_WARN_INFINITE_RECURSION = YES;
				CLANG_WARN_INT_CONVERSION = YES;
				CLANG_WARN_NON_LITERAL_NULL_CONVERSION = YES;
				CLANG_WARN_OBJC_LITERAL_CONVERSION = YES;
				CLANG_WARN_OBJC_ROOT_CLASS = YES_ERROR;
				CLANG_WARN_RANGE_LOOP_ANALYSIS = YES;
				CLANG_WARN_STRICT_PROTOTYPES = YES;
				CLANG_WARN_SUSPICIOUS_MOVE = YES;
				CLANG_WARN_UNGUARDED_AVAILABILITY = YES_AGGRESSIVE;
				CLANG_WARN_UNREACHABLE_CODE = YES;
				CLANG_WARN__DUPLICATE_METHOD_MATCH = YES;
				CODE_SIGN_IDENTITY = "iPhone Developer";
				COPY_PHASE_STRIP = NO;
				DEBUG_INFORMATION_FORMAT = "dwarf-with-dsym";
				ENABLE_NS_ASSERTIONS = NO;
				ENABLE_STRICT_OBJC_MSGSEND = YES;
				GCC_C_LANGUAGE_STANDARD = gnu11;
				GCC_NO_COMMON_BLOCKS = YES;
				GCC_WARN_64_TO_32_BIT_CONVERSION = YES;
				GCC_WARN_ABOUT_RETURN_TYPE = YES_ERROR;
				GCC_WARN_UNDECLARED_SELECTOR = YES;
				GCC_WARN_UNINITIALIZED_AUTOS = YES_AGGRESSIVE;
				GCC_WARN_UNUSED_FUNCTION = YES;
				GCC_WARN_UNUSED_VARIABLE = YES;
				IPHONEOS_DEPLOYMENT_TARGET = 11.2;
				MTL_ENABLE_DEBUG_INFO = NO;
				SDKROOT = iphoneos;
				SWIFT_OPTIMIZATION_LEVEL = "-Owholemodule";
				VALIDATE_PRODUCT = YES;
			};
			name = Release;
		};
		01C0230D20C99305003E48CC /* Debug */ = {
			isa = XCBuildConfiguration;
			buildSettings = {
				ASSETCATALOG_COMPILER_APPICON_NAME = AppIcon;
				CLANG_ENABLE_MODULES = YES;
				CODE_SIGN_STYLE = Automatic;
				DEVELOPMENT_TEAM = 2CV55CA5C8;
				INFOPLIST_FILE = "My Vodafone/Info.plist";
				LD_RUNPATH_SEARCH_PATHS = "$(inherited) @executable_path/Frameworks";
				PRODUCT_BUNDLE_IDENTIFIER = "com.myvodafone.app.My-Vodafone";
				PRODUCT_NAME = "$(TARGET_NAME)";
				SWIFT_OBJC_BRIDGING_HEADER = "My Vodafone/My Vodafone-Bridging-Header.h";
				SWIFT_OPTIMIZATION_LEVEL = "-Onone";
				SWIFT_VERSION = 4.0;
				TARGETED_DEVICE_FAMILY = "1,2";
			};
			name = Debug;
		};
		01C0230E20C99305003E48CC /* Release */ = {
			isa = XCBuildConfiguration;
			buildSettings = {
				ASSETCATALOG_COMPILER_APPICON_NAME = AppIcon;
				CLANG_ENABLE_MODULES = YES;
				CODE_SIGN_STYLE = Automatic;
				DEVELOPMENT_TEAM = 2CV55CA5C8;
				INFOPLIST_FILE = "My Vodafone/Info.plist";
				LD_RUNPATH_SEARCH_PATHS = "$(inherited) @executable_path/Frameworks";
				PRODUCT_BUNDLE_IDENTIFIER = "com.myvodafone.app.My-Vodafone";
				PRODUCT_NAME = "$(TARGET_NAME)";
				SWIFT_OBJC_BRIDGING_HEADER = "My Vodafone/My Vodafone-Bridging-Header.h";
				SWIFT_VERSION = 4.0;
				TARGETED_DEVICE_FAMILY = "1,2";
			};
			name = Release;
		};
/* End XCBuildConfiguration section */

/* Begin XCConfigurationList section */
		01C022F520C99304003E48CC /* Build configuration list for PBXProject "My Vodafone" */ = {
			isa = XCConfigurationList;
			buildConfigurations = (
				01C0230A20C99305003E48CC /* Debug */,
				01C0230B20C99305003E48CC /* Release */,
			);
			defaultConfigurationIsVisible = 0;
			defaultConfigurationName = Release;
		};
		01C0230C20C99305003E48CC /* Build configuration list for PBXNativeTarget "My Vodafone" */ = {
			isa = XCConfigurationList;
			buildConfigurations = (
				01C0230D20C99305003E48CC /* Debug */,
				01C0230E20C99305003E48CC /* Release */,
			);
			defaultConfigurationIsVisible = 0;
			defaultConfigurationName = Release;
		};
/* End XCConfigurationList section */
	};
	rootObject = 01C022F220C99304003E48CC /* Project object */;
}
