// !$*UTF8*$!
{
	archiveVersion = 1;
	classes = {
	};
	objectVersion = 48;
	objects = {

/* Begin PBXBuildFile section */
		0117A47E21148617003EBE09 /* BuyOfferViewController.swift in Sources */ = {isa = PBXBuildFile; fileRef = 0117A47D21148617003EBE09 /* BuyOfferViewController.swift */; };
		0119AF7C213E9090009B71C8 /* fbbShareVc.swift in Sources */ = {isa = PBXBuildFile; fileRef = 0119AF7B213E9090009B71C8 /* fbbShareVc.swift */; };
		0119AF7F213F08C3009B71C8 /* fbbPayVoucherVc.swift in Sources */ = {isa = PBXBuildFile; fileRef = 0119AF7E213F08C3009B71C8 /* fbbPayVoucherVc.swift */; };
		013C34AD215CF4C300581379 /* TouchID.swift in Sources */ = {isa = PBXBuildFile; fileRef = 013C34AC215CF4C300581379 /* TouchID.swift */; };
		013C528E213FF79700A9E67C /* linkFBBUpdateVc.swift in Sources */ = {isa = PBXBuildFile; fileRef = 013C528D213FF79700A9E67C /* linkFBBUpdateVc.swift */; };
		013C52902140389F00A9E67C /* confirmFBBVoucher.swift in Sources */ = {isa = PBXBuildFile; fileRef = 013C528F2140389F00A9E67C /* confirmFBBVoucher.swift */; };
		0148E06320D915E9003D3F54 /* LogoutViewController.swift in Sources */ = {isa = PBXBuildFile; fileRef = 0148E06220D915E9003D3F54 /* LogoutViewController.swift */; };
		0148E06520D9237E003D3F54 /* SettingsViewController.swift in Sources */ = {isa = PBXBuildFile; fileRef = 0148E06420D9237E003D3F54 /* SettingsViewController.swift */; };
		014E311720ECCD03004ACE9A /* toppingUpViewController.swift in Sources */ = {isa = PBXBuildFile; fileRef = 014E311620ECCD03004ACE9A /* toppingUpViewController.swift */; };
		015A53472163C80D0040807E /* NetPerform.storyboard in Resources */ = {isa = PBXBuildFile; fileRef = 015A53462163C80D0040807E /* NetPerform.storyboard */; };
		015A534A2163C8650040807E /* speedChecker.swift in Sources */ = {isa = PBXBuildFile; fileRef = 015A53492163C8650040807E /* speedChecker.swift */; };
		015CEAFF215532DF00341BA9 /* ratesDiscounts.swift in Sources */ = {isa = PBXBuildFile; fileRef = 015CEAFE215532DF00341BA9 /* ratesDiscounts.swift */; };
		015CEB012155512C00341BA9 /* RoamingFaultReporting.swift in Sources */ = {isa = PBXBuildFile; fileRef = 015CEB002155512C00341BA9 /* RoamingFaultReporting.swift */; };
		015CEB03215572AC00341BA9 /* StoreLocator.storyboard in Resources */ = {isa = PBXBuildFile; fileRef = 015CEB02215572AC00341BA9 /* StoreLocator.storyboard */; };
		015CEB062155730300341BA9 /* StoreLocatorVc.swift in Sources */ = {isa = PBXBuildFile; fileRef = 015CEB052155730300341BA9 /* StoreLocatorVc.swift */; };
		0160449F21187759008BD98F /* GestureView.swift in Sources */ = {isa = PBXBuildFile; fileRef = 0160449E21187759008BD98F /* GestureView.swift */; };
		016CC59D211C48A7002B37E5 /* offlineNotifViewController.swift in Sources */ = {isa = PBXBuildFile; fileRef = 016CC59C211C48A7002B37E5 /* offlineNotifViewController.swift */; };
		016CC59F211C9EBD002B37E5 /* RegisterViewController.swift in Sources */ = {isa = PBXBuildFile; fileRef = 016CC59E211C9EBD002B37E5 /* RegisterViewController.swift */; };
		016CC5A1211CFC48002B37E5 /* NointernetViewController.swift in Sources */ = {isa = PBXBuildFile; fileRef = 016CC5A0211CFC48002B37E5 /* NointernetViewController.swift */; };
		016CC5A3211D23BD002B37E5 /* AccountConfViewController.swift in Sources */ = {isa = PBXBuildFile; fileRef = 016CC5A2211D23BD002B37E5 /* AccountConfViewController.swift */; };
		016DE602214FE09E00BEB882 /* staffCreditRedeeming.swift in Sources */ = {isa = PBXBuildFile; fileRef = 016DE601214FE09E00BEB882 /* staffCreditRedeeming.swift */; };
		01709C60215E3103008C8C3E /* KeychainSwiftDistrib.swift in Sources */ = {isa = PBXBuildFile; fileRef = 01709C5F215E3103008C8C3E /* KeychainSwiftDistrib.swift */; };
		01709C62215EB110008C8C3E /* notifications.swift in Sources */ = {isa = PBXBuildFile; fileRef = 01709C61215EB110008C8C3E /* notifications.swift */; };
		01709C64215EC2AF008C8C3E /* settingsPrivacy.swift in Sources */ = {isa = PBXBuildFile; fileRef = 01709C63215EC2AF008C8C3E /* settingsPrivacy.swift */; };
		01853EB820CFD19A002DEB7D /* ProductsServicesViewController.swift in Sources */ = {isa = PBXBuildFile; fileRef = 01853EB720CFD19A002DEB7D /* ProductsServicesViewController.swift */; };
		01853EBA20CFD81E002DEB7D /* CardView.swift in Sources */ = {isa = PBXBuildFile; fileRef = 01853EB920CFD81E002DEB7D /* CardView.swift */; };
		01853EBC20D00CB4002DEB7D /* AddServiceViewController.swift in Sources */ = {isa = PBXBuildFile; fileRef = 01853EBB20D00CB4002DEB7D /* AddServiceViewController.swift */; };
		01853EBE20D05957002DEB7D /* UserProductsViewController.swift in Sources */ = {isa = PBXBuildFile; fileRef = 01853EBD20D05957002DEB7D /* UserProductsViewController.swift */; };
		0185F8F1215A67E300CC2F22 /* CustomTableViewForStoreLocator.swift in Sources */ = {isa = PBXBuildFile; fileRef = 0185F8F0215A67E300CC2F22 /* CustomTableViewForStoreLocator.swift */; };
		0186E64B216B9736008B6601 /* unsubscribeVc.swift in Sources */ = {isa = PBXBuildFile; fileRef = 0186E64A216B9736008B6601 /* unsubscribeVc.swift */; };
		01885B2220CED5B100D0A325 /* homePrePaidViewController.swift in Sources */ = {isa = PBXBuildFile; fileRef = 01885B2120CED5B100D0A325 /* homePrePaidViewController.swift */; };
		018AC082211208E1002691E4 /* DialVodaCashViewController.swift in Sources */ = {isa = PBXBuildFile; fileRef = 018AC081211208E1002691E4 /* DialVodaCashViewController.swift */; };
		018B7ACF213D48C9002753B7 /* linkFBBVc.swift in Sources */ = {isa = PBXBuildFile; fileRef = 018B7ACE213D48C9002753B7 /* linkFBBVc.swift */; };
		018B7AD1213D98BE002753B7 /* confirmFBBMove.swift in Sources */ = {isa = PBXBuildFile; fileRef = 018B7AD0213D98BE002753B7 /* confirmFBBMove.swift */; };
		018BB2DC21009B490004D697 /* mvaExtensions.swift in Sources */ = {isa = PBXBuildFile; fileRef = 018BB2DB21009B490004D697 /* mvaExtensions.swift */; };
		01941D9B2119B2E300B7D207 /* AppExtensions.swift in Sources */ = {isa = PBXBuildFile; fileRef = 01941D9A2119B2E300B7D207 /* AppExtensions.swift */; };
		01941D9D2119F34B00B7D207 /* CheckInternet.swift in Sources */ = {isa = PBXBuildFile; fileRef = 01941D9C2119F34B00B7D207 /* CheckInternet.swift */; };
		019538632108C5EB00E492A7 /* mvaConfig.swift in Sources */ = {isa = PBXBuildFile; fileRef = 019538622108C5EB00E492A7 /* mvaConfig.swift */; };
		019538652108D48500E492A7 /* DisplayChosenOfferViewController.swift in Sources */ = {isa = PBXBuildFile; fileRef = 019538642108D48500E492A7 /* DisplayChosenOfferViewController.swift */; };
		0198E74E20DAB4B9000820F7 /* LoginViewController.swift in Sources */ = {isa = PBXBuildFile; fileRef = 0198E74D20DAB4B9000820F7 /* LoginViewController.swift */; };
		0199F5EF21396DB400906580 /* displayFBBBalance.swift in Sources */ = {isa = PBXBuildFile; fileRef = 0199F5EE21396DB400906580 /* displayFBBBalance.swift */; };
		0199F5F121398FA000906580 /* fbbMove.swift in Sources */ = {isa = PBXBuildFile; fileRef = 0199F5F021398FA000906580 /* fbbMove.swift */; };
		019D7BBB212DB74E0036DCE2 /* reportFaultVc.swift in Sources */ = {isa = PBXBuildFile; fileRef = 019D7BBA212DB74E0036DCE2 /* reportFaultVc.swift */; };
		01A3434921496E1600B4A6A5 /* changePlanForm.swift in Sources */ = {isa = PBXBuildFile; fileRef = 01A3434821496E1600B4A6A5 /* changePlanForm.swift */; };
		01A3434B214A6C9400B4A6A5 /* FBBPayExpressPay.swift in Sources */ = {isa = PBXBuildFile; fileRef = 01A3434A214A6C9400B4A6A5 /* FBBPayExpressPay.swift */; };
		01A3434D214A89F700B4A6A5 /* simSwapModal.swift in Sources */ = {isa = PBXBuildFile; fileRef = 01A3434C214A89F700B4A6A5 /* simSwapModal.swift */; };
		01A3434F214A932E00B4A6A5 /* simSwapForm.swift in Sources */ = {isa = PBXBuildFile; fileRef = 01A3434E214A932E00B4A6A5 /* simSwapForm.swift */; };
		01A34351214AF40900B4A6A5 /* appointmentsVc.swift in Sources */ = {isa = PBXBuildFile; fileRef = 01A34350214AF40900B4A6A5 /* appointmentsVc.swift */; };
		01A74FF621413BC900F86A65 /* FBBPackages.swift in Sources */ = {isa = PBXBuildFile; fileRef = 01A74FF521413BC900F86A65 /* FBBPackages.swift */; };
		01A74FFB2141810500F86A65 /* confirmChangePlan.swift in Sources */ = {isa = PBXBuildFile; fileRef = 01A74FFA2141810500F86A65 /* confirmChangePlan.swift */; };
		01A95809212ADCD200F4D7C9 /* supportVC.swift in Sources */ = {isa = PBXBuildFile; fileRef = 01A95808212ADCD200F4D7C9 /* supportVC.swift */; };
		01A9580B212B28C200F4D7C9 /* supportModalVc.swift in Sources */ = {isa = PBXBuildFile; fileRef = 01A9580A212B28C200F4D7C9 /* supportModalVc.swift */; };
		01AC079020D7F2DD0034B6B8 /* AboutViewController.swift in Sources */ = {isa = PBXBuildFile; fileRef = 01AC078F20D7F2DD0034B6B8 /* AboutViewController.swift */; };
		01AC079220D80CDC0034B6B8 /* TermsConditionsViewController.swift in Sources */ = {isa = PBXBuildFile; fileRef = 01AC079120D80CDC0034B6B8 /* TermsConditionsViewController.swift */; };
		01AC079420D814320034B6B8 /* PrivacyPolicyViewController.swift in Sources */ = {isa = PBXBuildFile; fileRef = 01AC079320D814320034B6B8 /* PrivacyPolicyViewController.swift */; };
		01C022FE20C99304003E48CC /* AppDelegate.swift in Sources */ = {isa = PBXBuildFile; fileRef = 01C022FD20C99304003E48CC /* AppDelegate.swift */; };
		01C0230020C99304003E48CC /* ViewController.swift in Sources */ = {isa = PBXBuildFile; fileRef = 01C022FF20C99304003E48CC /* ViewController.swift */; };
		01C0230320C99304003E48CC /* Main.storyboard in Resources */ = {isa = PBXBuildFile; fileRef = 01C0230120C99304003E48CC /* Main.storyboard */; };
		01C0230520C99304003E48CC /* Assets.xcassets in Resources */ = {isa = PBXBuildFile; fileRef = 01C0230420C99304003E48CC /* Assets.xcassets */; };
		01C0230820C99304003E48CC /* LaunchScreen.storyboard in Resources */ = {isa = PBXBuildFile; fileRef = 01C0230620C99304003E48CC /* LaunchScreen.storyboard */; };
		01C0233A20C9C940003E48CC /* Roboto-Medium.ttf in Resources */ = {isa = PBXBuildFile; fileRef = 01C0233320C9C940003E48CC /* Roboto-Medium.ttf */; };
		01C0233B20C9C940003E48CC /* VodafoneLt.ttf in Resources */ = {isa = PBXBuildFile; fileRef = 01C0233420C9C940003E48CC /* VodafoneLt.ttf */; };
		01C0233C20C9C940003E48CC /* Roboto-Regular.ttf in Resources */ = {isa = PBXBuildFile; fileRef = 01C0233520C9C940003E48CC /* Roboto-Regular.ttf */; };
		01C0233D20C9C940003E48CC /* VodafoneRg_Bd.ttf in Resources */ = {isa = PBXBuildFile; fileRef = 01C0233620C9C940003E48CC /* VodafoneRg_Bd.ttf */; };
		01C0233E20C9C940003E48CC /* Roboto-Thin.ttf in Resources */ = {isa = PBXBuildFile; fileRef = 01C0233720C9C940003E48CC /* Roboto-Thin.ttf */; };
		01C0233F20C9C940003E48CC /* VodafoneRg.ttf in Resources */ = {isa = PBXBuildFile; fileRef = 01C0233820C9C940003E48CC /* VodafoneRg.ttf */; };
		01C0234020C9C940003E48CC /* Roboto-Light.ttf in Resources */ = {isa = PBXBuildFile; fileRef = 01C0233920C9C940003E48CC /* Roboto-Light.ttf */; };
		01C0234E20C9C957003E48CC /* custom.css in Resources */ = {isa = PBXBuildFile; fileRef = 01C0234120C9C956003E48CC /* custom.css */; };
		01C0234F20C9C957003E48CC /* simswap.html in Resources */ = {isa = PBXBuildFile; fileRef = 01C0234220C9C956003E48CC /* simswap.html */; };
		01C0235020C9C957003E48CC /* terms.css in Resources */ = {isa = PBXBuildFile; fileRef = 01C0234320C9C956003E48CC /* terms.css */; };
		01C0235120C9C957003E48CC /* icon2.png in Resources */ = {isa = PBXBuildFile; fileRef = 01C0234420C9C956003E48CC /* icon2.png */; };
		01C0235220C9C957003E48CC /* terms_netperform.html in Resources */ = {isa = PBXBuildFile; fileRef = 01C0234520C9C956003E48CC /* terms_netperform.html */; };
		01C0235320C9C957003E48CC /* data_permissions.html in Resources */ = {isa = PBXBuildFile; fileRef = 01C0234620C9C956003E48CC /* data_permissions.html */; };
		01C0235420C9C957003E48CC /* font.css in Resources */ = {isa = PBXBuildFile; fileRef = 01C0234720C9C956003E48CC /* font.css */; };
		01C0235520C9C957003E48CC /* icon1.png in Resources */ = {isa = PBXBuildFile; fileRef = 01C0234820C9C957003E48CC /* icon1.png */; };
		01C0235620C9C957003E48CC /* app.v2.css in Resources */ = {isa = PBXBuildFile; fileRef = 01C0234920C9C957003E48CC /* app.v2.css */; };
		01C0235720C9C957003E48CC /* slidebars.min.css in Resources */ = {isa = PBXBuildFile; fileRef = 01C0234A20C9C957003E48CC /* slidebars.min.css */; };
		01C0235820C9C957003E48CC /* terms_and_conditions.html in Resources */ = {isa = PBXBuildFile; fileRef = 01C0234B20C9C957003E48CC /* terms_and_conditions.html */; };
		01C0235920C9C957003E48CC /* roaming_faq.html in Resources */ = {isa = PBXBuildFile; fileRef = 01C0234C20C9C957003E48CC /* roaming_faq.html */; };
		01C0235A20C9C957003E48CC /* roamingdiscounts.html in Resources */ = {isa = PBXBuildFile; fileRef = 01C0234D20C9C957003E48CC /* roamingdiscounts.html */; };
		01C1A8172107A01300D4CDDC /* mvaURLS.swift in Sources */ = {isa = PBXBuildFile; fileRef = 01C1A8162107A01300D4CDDC /* mvaURLS.swift */; };
		01C22A75213473530037B691 /* yendiAgoroVc.swift in Sources */ = {isa = PBXBuildFile; fileRef = 01C22A74213473530037B691 /* yendiAgoroVc.swift */; };
		01CFCF94215B8FD70048D56E /* GetDirectionToStore.swift in Sources */ = {isa = PBXBuildFile; fileRef = 01CFCF93215B8FD70048D56E /* GetDirectionToStore.swift */; };
		01CFCF96215B97800048D56E /* Messages.storyboard in Resources */ = {isa = PBXBuildFile; fileRef = 01CFCF95215B97800048D56E /* Messages.storyboard */; };
		01CFCF99215B97A30048D56E /* Messages.swift in Sources */ = {isa = PBXBuildFile; fileRef = 01CFCF98215B97A30048D56E /* Messages.swift */; };
		01CFCF9B215BA99B0048D56E /* SettingsVc.swift in Sources */ = {isa = PBXBuildFile; fileRef = 01CFCF9A215BA99B0048D56E /* SettingsVc.swift */; };
		01CFCF9D215BFDA50048D56E /* ChangePasswordInApp.swift in Sources */ = {isa = PBXBuildFile; fileRef = 01CFCF9C215BFDA50048D56E /* ChangePasswordInApp.swift */; };
		01E63B1521624233006CA19D /* personliseApp.swift in Sources */ = {isa = PBXBuildFile; fileRef = 01E63B1421624233006CA19D /* personliseApp.swift */; };
		01E63B1721624E00006CA19D /* chooseDefaultService.swift in Sources */ = {isa = PBXBuildFile; fileRef = 01E63B1621624E00006CA19D /* chooseDefaultService.swift */; };
		01F504502125D28000359657 /* AddServiceConfViewController.swift in Sources */ = {isa = PBXBuildFile; fileRef = 01F5044F2125D28000359657 /* AddServiceConfViewController.swift */; };
		01F57B412150356C005F5F0C /* FBB.storyboard in Resources */ = {isa = PBXBuildFile; fileRef = 01F57B402150356C005F5F0C /* FBB.storyboard */; };
		01F57B432150FC49005F5F0C /* Services.storyboard in Resources */ = {isa = PBXBuildFile; fileRef = 01F57B422150FC49005F5F0C /* Services.storyboard */; };
		01F57B452150FC87005F5F0C /* TopUp.storyboard in Resources */ = {isa = PBXBuildFile; fileRef = 01F57B442150FC87005F5F0C /* TopUp.storyboard */; };
		01F57B472150FE13005F5F0C /* ProductsServices.storyboard in Resources */ = {isa = PBXBuildFile; fileRef = 01F57B462150FE13005F5F0C /* ProductsServices.storyboard */; };
		01F57B492151011E005F5F0C /* Settings.storyboard in Resources */ = {isa = PBXBuildFile; fileRef = 01F57B482151011E005F5F0C /* Settings.storyboard */; };
		01F57B4B2151029F005F5F0C /* OffersExtras.storyboard in Resources */ = {isa = PBXBuildFile; fileRef = 01F57B4A2151029F005F5F0C /* OffersExtras.storyboard */; };
		01F57B4D2151041C005F5F0C /* About.storyboard in Resources */ = {isa = PBXBuildFile; fileRef = 01F57B4C2151041C005F5F0C /* About.storyboard */; };
		01F57B4F21510558005F5F0C /* Support.storyboard in Resources */ = {isa = PBXBuildFile; fileRef = 01F57B4E21510558005F5F0C /* Support.storyboard */; };
		01F57B5121510693005F5F0C /* Games.storyboard in Resources */ = {isa = PBXBuildFile; fileRef = 01F57B5021510693005F5F0C /* Games.storyboard */; };
		01F57B5A215295C9005F5F0C /* userServiceDetails.swift in Sources */ = {isa = PBXBuildFile; fileRef = 01F57B59215295C9005F5F0C /* userServiceDetails.swift */; };
		01F57B5C2153C469005F5F0C /* Roaming.storyboard in Resources */ = {isa = PBXBuildFile; fileRef = 01F57B5B2153C469005F5F0C /* Roaming.storyboard */; };
		01F57B5F2153C5A2005F5F0C /* SmartTraveller.swift in Sources */ = {isa = PBXBuildFile; fileRef = 01F57B5E2153C5A2005F5F0C /* SmartTraveller.swift */; };
		01F57B612153E1F0005F5F0C /* RoamingBundles.swift in Sources */ = {isa = PBXBuildFile; fileRef = 01F57B602153E1F0005F5F0C /* RoamingBundles.swift */; };
		01F57B63215408CC005F5F0C /* RoamingTips.swift in Sources */ = {isa = PBXBuildFile; fileRef = 01F57B62215408CC005F5F0C /* RoamingTips.swift */; };
		01F57B6521540CA7005F5F0C /* RoamingPartners.swift in Sources */ = {isa = PBXBuildFile; fileRef = 01F57B6421540CA7005F5F0C /* RoamingPartners.swift */; };
		01F7388521369BBE00A30C1C /* baseViewControllerM.swift in Sources */ = {isa = PBXBuildFile; fileRef = 01F7388421369BBE00A30C1C /* baseViewControllerM.swift */; };
		01F738872137360600A30C1C /* displayChosenOfferVc.swift in Sources */ = {isa = PBXBuildFile; fileRef = 01F738862137360600A30C1C /* displayChosenOfferVc.swift */; };
		01FDDD5D21388AEC00F71249 /* checkFBBBalance.swift in Sources */ = {isa = PBXBuildFile; fileRef = 01FDDD5C21388AEC00F71249 /* checkFBBBalance.swift */; };
		281AB50920E6713200AFE4A6 /* OffersExtrasViewController.swift in Sources */ = {isa = PBXBuildFile; fileRef = 281AB50820E6713200AFE4A6 /* OffersExtrasViewController.swift */; };
		281F8FC32146CC91000B39A3 /* creditTransferVc.swift in Sources */ = {isa = PBXBuildFile; fileRef = 281F8FC22146CC91000B39A3 /* creditTransferVc.swift */; };
		285A1D072129C37600EBA1EC /* homeVC.swift in Sources */ = {isa = PBXBuildFile; fileRef = 285A1D062129C37600EBA1EC /* homeVC.swift */; };
		28937EE620EF96D20061F82B /* RoundView.swift in Sources */ = {isa = PBXBuildFile; fileRef = 28937EE520EF96D20061F82B /* RoundView.swift */; };
		28E4B19120E966BF00336B1B /* TopUpViewController.swift in Sources */ = {isa = PBXBuildFile; fileRef = 28E4B19020E966BF00336B1B /* TopUpViewController.swift */; };
		5C678538021AB6C93B3B8EED /* Pods_My_Vodafone.framework in Frameworks */ = {isa = PBXBuildFile; fileRef = 5AA0038E529ED64F7D0CAE19 /* Pods_My_Vodafone.framework */; };
/* End PBXBuildFile section */

/* Begin PBXFileReference section */
		0117A47D21148617003EBE09 /* BuyOfferViewController.swift */ = {isa = PBXFileReference; lastKnownFileType = sourcecode.swift; path = BuyOfferViewController.swift; sourceTree = "<group>"; };
		0119AF7B213E9090009B71C8 /* fbbShareVc.swift */ = {isa = PBXFileReference; lastKnownFileType = sourcecode.swift; path = fbbShareVc.swift; sourceTree = "<group>"; };
		0119AF7E213F08C3009B71C8 /* fbbPayVoucherVc.swift */ = {isa = PBXFileReference; lastKnownFileType = sourcecode.swift; path = fbbPayVoucherVc.swift; sourceTree = "<group>"; };
		013C34AC215CF4C300581379 /* TouchID.swift */ = {isa = PBXFileReference; lastKnownFileType = sourcecode.swift; path = TouchID.swift; sourceTree = "<group>"; };
		013C34AE215D29B800581379 /* LocalAuthentication.framework */ = {isa = PBXFileReference; lastKnownFileType = wrapper.framework; name = LocalAuthentication.framework; path = System/Library/Frameworks/LocalAuthentication.framework; sourceTree = SDKROOT; };
		013C528D213FF79700A9E67C /* linkFBBUpdateVc.swift */ = {isa = PBXFileReference; lastKnownFileType = sourcecode.swift; path = linkFBBUpdateVc.swift; sourceTree = "<group>"; };
		013C528F2140389F00A9E67C /* confirmFBBVoucher.swift */ = {isa = PBXFileReference; lastKnownFileType = sourcecode.swift; path = confirmFBBVoucher.swift; sourceTree = "<group>"; };
		0148E06220D915E9003D3F54 /* LogoutViewController.swift */ = {isa = PBXFileReference; lastKnownFileType = sourcecode.swift; path = LogoutViewController.swift; sourceTree = "<group>"; };
		0148E06420D9237E003D3F54 /* SettingsViewController.swift */ = {isa = PBXFileReference; lastKnownFileType = sourcecode.swift; path = SettingsViewController.swift; sourceTree = "<group>"; };
		014E311620ECCD03004ACE9A /* toppingUpViewController.swift */ = {isa = PBXFileReference; lastKnownFileType = sourcecode.swift; path = toppingUpViewController.swift; sourceTree = "<group>"; };
		015A53462163C80D0040807E /* NetPerform.storyboard */ = {isa = PBXFileReference; lastKnownFileType = file.storyboard; path = NetPerform.storyboard; sourceTree = "<group>"; };
		015A53492163C8650040807E /* speedChecker.swift */ = {isa = PBXFileReference; lastKnownFileType = sourcecode.swift; path = speedChecker.swift; sourceTree = "<group>"; };
		015CEAFE215532DF00341BA9 /* ratesDiscounts.swift */ = {isa = PBXFileReference; lastKnownFileType = sourcecode.swift; path = ratesDiscounts.swift; sourceTree = "<group>"; };
		015CEB002155512C00341BA9 /* RoamingFaultReporting.swift */ = {isa = PBXFileReference; lastKnownFileType = sourcecode.swift; path = RoamingFaultReporting.swift; sourceTree = "<group>"; };
		015CEB02215572AC00341BA9 /* StoreLocator.storyboard */ = {isa = PBXFileReference; lastKnownFileType = file.storyboard; path = StoreLocator.storyboard; sourceTree = "<group>"; };
		015CEB052155730300341BA9 /* StoreLocatorVc.swift */ = {isa = PBXFileReference; lastKnownFileType = sourcecode.swift; path = StoreLocatorVc.swift; sourceTree = "<group>"; };
		0160449E21187759008BD98F /* GestureView.swift */ = {isa = PBXFileReference; lastKnownFileType = sourcecode.swift; path = GestureView.swift; sourceTree = "<group>"; };
		016CC59C211C48A7002B37E5 /* offlineNotifViewController.swift */ = {isa = PBXFileReference; lastKnownFileType = sourcecode.swift; path = offlineNotifViewController.swift; sourceTree = "<group>"; };
		016CC59E211C9EBD002B37E5 /* RegisterViewController.swift */ = {isa = PBXFileReference; lastKnownFileType = sourcecode.swift; path = RegisterViewController.swift; sourceTree = "<group>"; };
		016CC5A0211CFC48002B37E5 /* NointernetViewController.swift */ = {isa = PBXFileReference; lastKnownFileType = sourcecode.swift; path = NointernetViewController.swift; sourceTree = "<group>"; };
		016CC5A2211D23BD002B37E5 /* AccountConfViewController.swift */ = {isa = PBXFileReference; lastKnownFileType = sourcecode.swift; path = AccountConfViewController.swift; sourceTree = "<group>"; };
		016DE601214FE09E00BEB882 /* staffCreditRedeeming.swift */ = {isa = PBXFileReference; lastKnownFileType = sourcecode.swift; path = staffCreditRedeeming.swift; sourceTree = "<group>"; };
		01709C5F215E3103008C8C3E /* KeychainSwiftDistrib.swift */ = {isa = PBXFileReference; fileEncoding = 4; lastKnownFileType = sourcecode.swift; path = KeychainSwiftDistrib.swift; sourceTree = "<group>"; };
		01709C61215EB110008C8C3E /* notifications.swift */ = {isa = PBXFileReference; lastKnownFileType = sourcecode.swift; path = notifications.swift; sourceTree = "<group>"; };
		01709C63215EC2AF008C8C3E /* settingsPrivacy.swift */ = {isa = PBXFileReference; lastKnownFileType = sourcecode.swift; path = settingsPrivacy.swift; sourceTree = "<group>"; };
		01853EB720CFD19A002DEB7D /* ProductsServicesViewController.swift */ = {isa = PBXFileReference; lastKnownFileType = sourcecode.swift; path = ProductsServicesViewController.swift; sourceTree = "<group>"; };
		01853EB920CFD81E002DEB7D /* CardView.swift */ = {isa = PBXFileReference; lastKnownFileType = sourcecode.swift; path = CardView.swift; sourceTree = "<group>"; };
		01853EBB20D00CB4002DEB7D /* AddServiceViewController.swift */ = {isa = PBXFileReference; lastKnownFileType = sourcecode.swift; path = AddServiceViewController.swift; sourceTree = "<group>"; };
		01853EBD20D05957002DEB7D /* UserProductsViewController.swift */ = {isa = PBXFileReference; lastKnownFileType = sourcecode.swift; path = UserProductsViewController.swift; sourceTree = "<group>"; };
		0185F8F0215A67E300CC2F22 /* CustomTableViewForStoreLocator.swift */ = {isa = PBXFileReference; lastKnownFileType = sourcecode.swift; path = CustomTableViewForStoreLocator.swift; sourceTree = "<group>"; };
		0186E64A216B9736008B6601 /* unsubscribeVc.swift */ = {isa = PBXFileReference; lastKnownFileType = sourcecode.swift; path = unsubscribeVc.swift; sourceTree = "<group>"; };
		01885B2120CED5B100D0A325 /* homePrePaidViewController.swift */ = {isa = PBXFileReference; lastKnownFileType = sourcecode.swift; path = homePrePaidViewController.swift; sourceTree = "<group>"; };
		018AC081211208E1002691E4 /* DialVodaCashViewController.swift */ = {isa = PBXFileReference; lastKnownFileType = sourcecode.swift; path = DialVodaCashViewController.swift; sourceTree = "<group>"; };
		018B7ACE213D48C9002753B7 /* linkFBBVc.swift */ = {isa = PBXFileReference; lastKnownFileType = sourcecode.swift; path = linkFBBVc.swift; sourceTree = "<group>"; };
		018B7AD0213D98BE002753B7 /* confirmFBBMove.swift */ = {isa = PBXFileReference; lastKnownFileType = sourcecode.swift; path = confirmFBBMove.swift; sourceTree = "<group>"; };
		018BB2DB21009B490004D697 /* mvaExtensions.swift */ = {isa = PBXFileReference; lastKnownFileType = sourcecode.swift; path = mvaExtensions.swift; sourceTree = "<group>"; };
		01941D9A2119B2E300B7D207 /* AppExtensions.swift */ = {isa = PBXFileReference; lastKnownFileType = sourcecode.swift; path = AppExtensions.swift; sourceTree = "<group>"; };
		01941D9C2119F34B00B7D207 /* CheckInternet.swift */ = {isa = PBXFileReference; lastKnownFileType = sourcecode.swift; path = CheckInternet.swift; sourceTree = "<group>"; };
		019538622108C5EB00E492A7 /* mvaConfig.swift */ = {isa = PBXFileReference; lastKnownFileType = sourcecode.swift; path = mvaConfig.swift; sourceTree = "<group>"; };
		019538642108D48500E492A7 /* DisplayChosenOfferViewController.swift */ = {isa = PBXFileReference; lastKnownFileType = sourcecode.swift; path = DisplayChosenOfferViewController.swift; sourceTree = "<group>"; };
		0198E74D20DAB4B9000820F7 /* LoginViewController.swift */ = {isa = PBXFileReference; lastKnownFileType = sourcecode.swift; path = LoginViewController.swift; sourceTree = "<group>"; };
		0198E74F20DAE303000820F7 /* My Vodafone-Bridging-Header.h */ = {isa = PBXFileReference; lastKnownFileType = sourcecode.c.h; path = "My Vodafone-Bridging-Header.h"; sourceTree = "<group>"; };
		0199F5EE21396DB400906580 /* displayFBBBalance.swift */ = {isa = PBXFileReference; lastKnownFileType = sourcecode.swift; path = displayFBBBalance.swift; sourceTree = "<group>"; };
		0199F5F021398FA000906580 /* fbbMove.swift */ = {isa = PBXFileReference; lastKnownFileType = sourcecode.swift; path = fbbMove.swift; sourceTree = "<group>"; };
		019D7BBA212DB74E0036DCE2 /* reportFaultVc.swift */ = {isa = PBXFileReference; lastKnownFileType = sourcecode.swift; path = reportFaultVc.swift; sourceTree = "<group>"; };
		01A3434821496E1600B4A6A5 /* changePlanForm.swift */ = {isa = PBXFileReference; lastKnownFileType = sourcecode.swift; path = changePlanForm.swift; sourceTree = "<group>"; };
		01A3434A214A6C9400B4A6A5 /* FBBPayExpressPay.swift */ = {isa = PBXFileReference; lastKnownFileType = sourcecode.swift; path = FBBPayExpressPay.swift; sourceTree = "<group>"; };
		01A3434C214A89F700B4A6A5 /* simSwapModal.swift */ = {isa = PBXFileReference; lastKnownFileType = sourcecode.swift; path = simSwapModal.swift; sourceTree = "<group>"; };
		01A3434E214A932E00B4A6A5 /* simSwapForm.swift */ = {isa = PBXFileReference; lastKnownFileType = sourcecode.swift; path = simSwapForm.swift; sourceTree = "<group>"; };
		01A34350214AF40900B4A6A5 /* appointmentsVc.swift */ = {isa = PBXFileReference; lastKnownFileType = sourcecode.swift; path = appointmentsVc.swift; sourceTree = "<group>"; };
		01A74FF521413BC900F86A65 /* FBBPackages.swift */ = {isa = PBXFileReference; lastKnownFileType = sourcecode.swift; path = FBBPackages.swift; sourceTree = "<group>"; };
		01A74FFA2141810500F86A65 /* confirmChangePlan.swift */ = {isa = PBXFileReference; lastKnownFileType = sourcecode.swift; path = confirmChangePlan.swift; sourceTree = "<group>"; };
		01A95808212ADCD200F4D7C9 /* supportVC.swift */ = {isa = PBXFileReference; lastKnownFileType = sourcecode.swift; path = supportVC.swift; sourceTree = "<group>"; };
		01A9580A212B28C200F4D7C9 /* supportModalVc.swift */ = {isa = PBXFileReference; lastKnownFileType = sourcecode.swift; path = supportModalVc.swift; sourceTree = "<group>"; };
		01AC078F20D7F2DD0034B6B8 /* AboutViewController.swift */ = {isa = PBXFileReference; lastKnownFileType = sourcecode.swift; path = AboutViewController.swift; sourceTree = "<group>"; };
		01AC079120D80CDC0034B6B8 /* TermsConditionsViewController.swift */ = {isa = PBXFileReference; lastKnownFileType = sourcecode.swift; path = TermsConditionsViewController.swift; sourceTree = "<group>"; };
		01AC079320D814320034B6B8 /* PrivacyPolicyViewController.swift */ = {isa = PBXFileReference; lastKnownFileType = sourcecode.swift; path = PrivacyPolicyViewController.swift; sourceTree = "<group>"; };
		01C022FA20C99304003E48CC /* My Vodafone.app */ = {isa = PBXFileReference; explicitFileType = wrapper.application; includeInIndex = 0; path = "My Vodafone.app"; sourceTree = BUILT_PRODUCTS_DIR; };
		01C022FD20C99304003E48CC /* AppDelegate.swift */ = {isa = PBXFileReference; lastKnownFileType = sourcecode.swift; path = AppDelegate.swift; sourceTree = "<group>"; };
		01C022FF20C99304003E48CC /* ViewController.swift */ = {isa = PBXFileReference; lastKnownFileType = sourcecode.swift; path = ViewController.swift; sourceTree = "<group>"; };
		01C0230220C99304003E48CC /* Base */ = {isa = PBXFileReference; lastKnownFileType = file.storyboard; name = Base; path = Base.lproj/Main.storyboard; sourceTree = "<group>"; };
		01C0230420C99304003E48CC /* Assets.xcassets */ = {isa = PBXFileReference; lastKnownFileType = folder.assetcatalog; path = Assets.xcassets; sourceTree = "<group>"; };
		01C0230720C99304003E48CC /* Base */ = {isa = PBXFileReference; lastKnownFileType = file.storyboard; name = Base; path = Base.lproj/LaunchScreen.storyboard; sourceTree = "<group>"; };
		01C0230920C99304003E48CC /* Info.plist */ = {isa = PBXFileReference; lastKnownFileType = text.plist.xml; path = Info.plist; sourceTree = "<group>"; };
		01C0233320C9C940003E48CC /* Roboto-Medium.ttf */ = {isa = PBXFileReference; lastKnownFileType = file; path = "Roboto-Medium.ttf"; sourceTree = "<group>"; };
		01C0233420C9C940003E48CC /* VodafoneLt.ttf */ = {isa = PBXFileReference; lastKnownFileType = file; path = VodafoneLt.ttf; sourceTree = "<group>"; };
		01C0233520C9C940003E48CC /* Roboto-Regular.ttf */ = {isa = PBXFileReference; lastKnownFileType = file; path = "Roboto-Regular.ttf"; sourceTree = "<group>"; };
		01C0233620C9C940003E48CC /* VodafoneRg_Bd.ttf */ = {isa = PBXFileReference; lastKnownFileType = file; path = VodafoneRg_Bd.ttf; sourceTree = "<group>"; };
		01C0233720C9C940003E48CC /* Roboto-Thin.ttf */ = {isa = PBXFileReference; lastKnownFileType = file; path = "Roboto-Thin.ttf"; sourceTree = "<group>"; };
		01C0233820C9C940003E48CC /* VodafoneRg.ttf */ = {isa = PBXFileReference; lastKnownFileType = file; path = VodafoneRg.ttf; sourceTree = "<group>"; };
		01C0233920C9C940003E48CC /* Roboto-Light.ttf */ = {isa = PBXFileReference; lastKnownFileType = file; path = "Roboto-Light.ttf"; sourceTree = "<group>"; };
		01C0234120C9C956003E48CC /* custom.css */ = {isa = PBXFileReference; fileEncoding = 4; lastKnownFileType = text.css; path = custom.css; sourceTree = "<group>"; };
		01C0234220C9C956003E48CC /* simswap.html */ = {isa = PBXFileReference; fileEncoding = 4; lastKnownFileType = text.html; path = simswap.html; sourceTree = "<group>"; };
		01C0234320C9C956003E48CC /* terms.css */ = {isa = PBXFileReference; fileEncoding = 4; lastKnownFileType = text.css; path = terms.css; sourceTree = "<group>"; };
		01C0234420C9C956003E48CC /* icon2.png */ = {isa = PBXFileReference; lastKnownFileType = image.png; path = icon2.png; sourceTree = "<group>"; };
		01C0234520C9C956003E48CC /* terms_netperform.html */ = {isa = PBXFileReference; fileEncoding = 4; lastKnownFileType = text.html; path = terms_netperform.html; sourceTree = "<group>"; };
		01C0234620C9C956003E48CC /* data_permissions.html */ = {isa = PBXFileReference; fileEncoding = 4; lastKnownFileType = text.html; path = data_permissions.html; sourceTree = "<group>"; };
		01C0234720C9C956003E48CC /* font.css */ = {isa = PBXFileReference; fileEncoding = 4; lastKnownFileType = text.css; path = font.css; sourceTree = "<group>"; };
		01C0234820C9C957003E48CC /* icon1.png */ = {isa = PBXFileReference; lastKnownFileType = image.png; path = icon1.png; sourceTree = "<group>"; };
		01C0234920C9C957003E48CC /* app.v2.css */ = {isa = PBXFileReference; fileEncoding = 4; lastKnownFileType = text.css; path = app.v2.css; sourceTree = "<group>"; };
		01C0234A20C9C957003E48CC /* slidebars.min.css */ = {isa = PBXFileReference; fileEncoding = 4; lastKnownFileType = text.css; path = slidebars.min.css; sourceTree = "<group>"; };
		01C0234B20C9C957003E48CC /* terms_and_conditions.html */ = {isa = PBXFileReference; fileEncoding = 4; lastKnownFileType = text.html; path = terms_and_conditions.html; sourceTree = "<group>"; };
		01C0234C20C9C957003E48CC /* roaming_faq.html */ = {isa = PBXFileReference; fileEncoding = 4; lastKnownFileType = text.html; path = roaming_faq.html; sourceTree = "<group>"; };
		01C0234D20C9C957003E48CC /* roamingdiscounts.html */ = {isa = PBXFileReference; fileEncoding = 4; lastKnownFileType = text.html; path = roamingdiscounts.html; sourceTree = "<group>"; };
		01C1A8162107A01300D4CDDC /* mvaURLS.swift */ = {isa = PBXFileReference; lastKnownFileType = sourcecode.swift; path = mvaURLS.swift; sourceTree = "<group>"; };
		01C22A74213473530037B691 /* yendiAgoroVc.swift */ = {isa = PBXFileReference; lastKnownFileType = sourcecode.swift; path = yendiAgoroVc.swift; sourceTree = "<group>"; };
		01CFCF93215B8FD70048D56E /* GetDirectionToStore.swift */ = {isa = PBXFileReference; lastKnownFileType = sourcecode.swift; path = GetDirectionToStore.swift; sourceTree = "<group>"; };
		01CFCF95215B97800048D56E /* Messages.storyboard */ = {isa = PBXFileReference; lastKnownFileType = file.storyboard; path = Messages.storyboard; sourceTree = "<group>"; };
		01CFCF98215B97A30048D56E /* Messages.swift */ = {isa = PBXFileReference; lastKnownFileType = sourcecode.swift; path = Messages.swift; sourceTree = "<group>"; };
		01CFCF9A215BA99B0048D56E /* SettingsVc.swift */ = {isa = PBXFileReference; lastKnownFileType = sourcecode.swift; path = SettingsVc.swift; sourceTree = "<group>"; };
		01CFCF9C215BFDA50048D56E /* ChangePasswordInApp.swift */ = {isa = PBXFileReference; lastKnownFileType = sourcecode.swift; path = ChangePasswordInApp.swift; sourceTree = "<group>"; };
		01E63B1421624233006CA19D /* personliseApp.swift */ = {isa = PBXFileReference; lastKnownFileType = sourcecode.swift; path = personliseApp.swift; sourceTree = "<group>"; };
		01E63B1621624E00006CA19D /* chooseDefaultService.swift */ = {isa = PBXFileReference; lastKnownFileType = sourcecode.swift; path = chooseDefaultService.swift; sourceTree = "<group>"; };
		01F5044F2125D28000359657 /* AddServiceConfViewController.swift */ = {isa = PBXFileReference; lastKnownFileType = sourcecode.swift; path = AddServiceConfViewController.swift; sourceTree = "<group>"; };
		01F57B402150356C005F5F0C /* FBB.storyboard */ = {isa = PBXFileReference; lastKnownFileType = file.storyboard; path = FBB.storyboard; sourceTree = "<group>"; };
		01F57B422150FC49005F5F0C /* Services.storyboard */ = {isa = PBXFileReference; lastKnownFileType = file.storyboard; path = Services.storyboard; sourceTree = "<group>"; };
		01F57B442150FC87005F5F0C /* TopUp.storyboard */ = {isa = PBXFileReference; lastKnownFileType = file.storyboard; path = TopUp.storyboard; sourceTree = "<group>"; };
		01F57B462150FE13005F5F0C /* ProductsServices.storyboard */ = {isa = PBXFileReference; lastKnownFileType = file.storyboard; path = ProductsServices.storyboard; sourceTree = "<group>"; };
		01F57B482151011E005F5F0C /* Settings.storyboard */ = {isa = PBXFileReference; lastKnownFileType = file.storyboard; path = Settings.storyboard; sourceTree = "<group>"; };
		01F57B4A2151029F005F5F0C /* OffersExtras.storyboard */ = {isa = PBXFileReference; lastKnownFileType = file.storyboard; path = OffersExtras.storyboard; sourceTree = "<group>"; };
		01F57B4C2151041C005F5F0C /* About.storyboard */ = {isa = PBXFileReference; lastKnownFileType = file.storyboard; path = About.storyboard; sourceTree = "<group>"; };
		01F57B4E21510558005F5F0C /* Support.storyboard */ = {isa = PBXFileReference; lastKnownFileType = file.storyboard; path = Support.storyboard; sourceTree = "<group>"; };
		01F57B5021510693005F5F0C /* Games.storyboard */ = {isa = PBXFileReference; lastKnownFileType = file.storyboard; path = Games.storyboard; sourceTree = "<group>"; };
		01F57B59215295C9005F5F0C /* userServiceDetails.swift */ = {isa = PBXFileReference; lastKnownFileType = sourcecode.swift; path = userServiceDetails.swift; sourceTree = "<group>"; };
		01F57B5B2153C469005F5F0C /* Roaming.storyboard */ = {isa = PBXFileReference; lastKnownFileType = file.storyboard; path = Roaming.storyboard; sourceTree = "<group>"; };
		01F57B5E2153C5A2005F5F0C /* SmartTraveller.swift */ = {isa = PBXFileReference; lastKnownFileType = sourcecode.swift; path = SmartTraveller.swift; sourceTree = "<group>"; };
		01F57B602153E1F0005F5F0C /* RoamingBundles.swift */ = {isa = PBXFileReference; lastKnownFileType = sourcecode.swift; path = RoamingBundles.swift; sourceTree = "<group>"; };
		01F57B62215408CC005F5F0C /* RoamingTips.swift */ = {isa = PBXFileReference; lastKnownFileType = sourcecode.swift; path = RoamingTips.swift; sourceTree = "<group>"; };
		01F57B6421540CA7005F5F0C /* RoamingPartners.swift */ = {isa = PBXFileReference; lastKnownFileType = sourcecode.swift; path = RoamingPartners.swift; sourceTree = "<group>"; };
		01F7388421369BBE00A30C1C /* baseViewControllerM.swift */ = {isa = PBXFileReference; lastKnownFileType = sourcecode.swift; path = baseViewControllerM.swift; sourceTree = "<group>"; };
		01F738862137360600A30C1C /* displayChosenOfferVc.swift */ = {isa = PBXFileReference; lastKnownFileType = sourcecode.swift; path = displayChosenOfferVc.swift; sourceTree = "<group>"; };
		01FDDD5C21388AEC00F71249 /* checkFBBBalance.swift */ = {isa = PBXFileReference; lastKnownFileType = sourcecode.swift; path = checkFBBBalance.swift; sourceTree = "<group>"; };
		04E81B81CBD9B8057781B417 /* Pods-My Vodafone.debug.xcconfig */ = {isa = PBXFileReference; includeInIndex = 1; lastKnownFileType = text.xcconfig; name = "Pods-My Vodafone.debug.xcconfig"; path = "Pods/Target Support Files/Pods-My Vodafone/Pods-My Vodafone.debug.xcconfig"; sourceTree = "<group>"; };
		281AB50820E6713200AFE4A6 /* OffersExtrasViewController.swift */ = {isa = PBXFileReference; lastKnownFileType = sourcecode.swift; path = OffersExtrasViewController.swift; sourceTree = "<group>"; };
		281F8FC22146CC91000B39A3 /* creditTransferVc.swift */ = {isa = PBXFileReference; lastKnownFileType = sourcecode.swift; path = creditTransferVc.swift; sourceTree = "<group>"; };
		285A1D062129C37600EBA1EC /* homeVC.swift */ = {isa = PBXFileReference; lastKnownFileType = sourcecode.swift; path = homeVC.swift; sourceTree = "<group>"; };
		28937EE520EF96D20061F82B /* RoundView.swift */ = {isa = PBXFileReference; lastKnownFileType = sourcecode.swift; path = RoundView.swift; sourceTree = "<group>"; };
		28E4B19020E966BF00336B1B /* TopUpViewController.swift */ = {isa = PBXFileReference; lastKnownFileType = sourcecode.swift; path = TopUpViewController.swift; sourceTree = "<group>"; };
		5AA0038E529ED64F7D0CAE19 /* Pods_My_Vodafone.framework */ = {isa = PBXFileReference; explicitFileType = wrapper.framework; includeInIndex = 0; path = Pods_My_Vodafone.framework; sourceTree = BUILT_PRODUCTS_DIR; };
		B8A29F7972C8550F82E74458 /* Pods-My Vodafone.release.xcconfig */ = {isa = PBXFileReference; includeInIndex = 1; lastKnownFileType = text.xcconfig; name = "Pods-My Vodafone.release.xcconfig"; path = "Pods/Target Support Files/Pods-My Vodafone/Pods-My Vodafone.release.xcconfig"; sourceTree = "<group>"; };
/* End PBXFileReference section */

/* Begin PBXFrameworksBuildPhase section */
		01C022F720C99304003E48CC /* Frameworks */ = {
			isa = PBXFrameworksBuildPhase;
			buildActionMask = 2147483647;
			files = (
				5C678538021AB6C93B3B8EED /* Pods_My_Vodafone.framework in Frameworks */,
			);
			runOnlyForDeploymentPostprocessing = 0;
		};
/* End PBXFrameworksBuildPhase section */

/* Begin PBXGroup section */
		0119AF7D213F062C009B71C8 /* FBBMOVE */ = {
			isa = PBXGroup;
			children = (
				01FDDD5C21388AEC00F71249 /* checkFBBBalance.swift */,
				0199F5EE21396DB400906580 /* displayFBBBalance.swift */,
				018B7AD0213D98BE002753B7 /* confirmFBBMove.swift */,
				0119AF7B213E9090009B71C8 /* fbbShareVc.swift */,
				0199F5F021398FA000906580 /* fbbMove.swift */,
				018B7ACE213D48C9002753B7 /* linkFBBVc.swift */,
				0119AF7E213F08C3009B71C8 /* fbbPayVoucherVc.swift */,
				013C528D213FF79700A9E67C /* linkFBBUpdateVc.swift */,
				013C528F2140389F00A9E67C /* confirmFBBVoucher.swift */,
				01A74FF521413BC900F86A65 /* FBBPackages.swift */,
				01A74FFA2141810500F86A65 /* confirmChangePlan.swift */,
				01A3434821496E1600B4A6A5 /* changePlanForm.swift */,
				01A3434A214A6C9400B4A6A5 /* FBBPayExpressPay.swift */,
			);
			path = FBBMOVE;
			sourceTree = "<group>";
		};
		015A53482163C82F0040807E /* NetPerform */ = {
			isa = PBXGroup;
			children = (
				015A53492163C8650040807E /* speedChecker.swift */,
			);
			path = NetPerform;
			sourceTree = "<group>";
		};
		015CEB04215572CD00341BA9 /* StoreLocator */ = {
			isa = PBXGroup;
			children = (
				015CEB052155730300341BA9 /* StoreLocatorVc.swift */,
				01CFCF93215B8FD70048D56E /* GetDirectionToStore.swift */,
			);
			path = StoreLocator;
			sourceTree = "<group>";
		};
		016DE603214FE1D000BEB882 /* TopUp */ = {
			isa = PBXGroup;
			children = (
				28E4B19020E966BF00336B1B /* TopUpViewController.swift */,
				014E311620ECCD03004ACE9A /* toppingUpViewController.swift */,
				016DE601214FE09E00BEB882 /* staffCreditRedeeming.swift */,
			);
			path = TopUp;
			sourceTree = "<group>";
		};
		01709C5E215E2BB7008C8C3E /* Helpers */ = {
			isa = PBXGroup;
			children = (
				01709C5F215E3103008C8C3E /* KeychainSwiftDistrib.swift */,
			);
			path = Helpers;
			sourceTree = "<group>";
		};
		01941D992119B2A600B7D207 /* mvaExtensions */ = {
			isa = PBXGroup;
			children = (
				01941D9A2119B2E300B7D207 /* AppExtensions.swift */,
			);
			path = mvaExtensions;
			sourceTree = "<group>";
		};
		01A74FF72141783000F86A65 /* CustomClasses */ = {
			isa = PBXGroup;
			children = (
				0160449E21187759008BD98F /* GestureView.swift */,
				28937EE520EF96D20061F82B /* RoundView.swift */,
				01853EB920CFD81E002DEB7D /* CardView.swift */,
				01941D9C2119F34B00B7D207 /* CheckInternet.swift */,
				0185F8F0215A67E300CC2F22 /* CustomTableViewForStoreLocator.swift */,
			);
			path = CustomClasses;
			sourceTree = "<group>";
		};
		01C022F120C99304003E48CC = {
			isa = PBXGroup;
			children = (
				01C022FC20C99304003E48CC /* My Vodafone */,
				01C022FB20C99304003E48CC /* Products */,
				1C5942C9240515F0E2FDA28A /* Pods */,
				3E803F6E21EBB679FF7E8393 /* Frameworks */,
			);
			sourceTree = "<group>";
		};
		01C022FB20C99304003E48CC /* Products */ = {
			isa = PBXGroup;
			children = (
				01C022FA20C99304003E48CC /* My Vodafone.app */,
			);
			name = Products;
			sourceTree = "<group>";
		};
		01C022FC20C99304003E48CC /* My Vodafone */ = {
			isa = PBXGroup;
			children = (
				01709C5E215E2BB7008C8C3E /* Helpers */,
				01F57B3F21503472005F5F0C /* Storyboards */,
				01F57B5721510CCE005F5F0C /* VCs */,
				01A74FF72141783000F86A65 /* CustomClasses */,
				01941D992119B2A600B7D207 /* mvaExtensions */,
				01C0233220C9C907003E48CC /* htmls */,
				01C0233120C9C8F9003E48CC /* fonts */,
				01C022FD20C99304003E48CC /* AppDelegate.swift */,
				018BB2DB21009B490004D697 /* mvaExtensions.swift */,
				01C1A8162107A01300D4CDDC /* mvaURLS.swift */,
				01C0230420C99304003E48CC /* Assets.xcassets */,
				01C0230620C99304003E48CC /* LaunchScreen.storyboard */,
				01C0230920C99304003E48CC /* Info.plist */,
				01885B2120CED5B100D0A325 /* homePrePaidViewController.swift */,
				0198E74F20DAE303000820F7 /* My Vodafone-Bridging-Header.h */,
				019538622108C5EB00E492A7 /* mvaConfig.swift */,
			);
			path = "My Vodafone";
			sourceTree = "<group>";
		};
		01C0233120C9C8F9003E48CC /* fonts */ = {
			isa = PBXGroup;
			children = (
				01C0233920C9C940003E48CC /* Roboto-Light.ttf */,
				01C0233320C9C940003E48CC /* Roboto-Medium.ttf */,
				01C0233520C9C940003E48CC /* Roboto-Regular.ttf */,
				01C0233720C9C940003E48CC /* Roboto-Thin.ttf */,
				01C0233420C9C940003E48CC /* VodafoneLt.ttf */,
				01C0233620C9C940003E48CC /* VodafoneRg_Bd.ttf */,
				01C0233820C9C940003E48CC /* VodafoneRg.ttf */,
			);
			path = fonts;
			sourceTree = "<group>";
		};
		01C0233220C9C907003E48CC /* htmls */ = {
			isa = PBXGroup;
			children = (
				01C0234920C9C957003E48CC /* app.v2.css */,
				01C0234120C9C956003E48CC /* custom.css */,
				01C0234620C9C956003E48CC /* data_permissions.html */,
				01C0234720C9C956003E48CC /* font.css */,
				01C0234820C9C957003E48CC /* icon1.png */,
				01C0234420C9C956003E48CC /* icon2.png */,
				01C0234C20C9C957003E48CC /* roaming_faq.html */,
				01C0234D20C9C957003E48CC /* roamingdiscounts.html */,
				01C0234220C9C956003E48CC /* simswap.html */,
				01C0234A20C9C957003E48CC /* slidebars.min.css */,
				01C0234B20C9C957003E48CC /* terms_and_conditions.html */,
				01C0234520C9C956003E48CC /* terms_netperform.html */,
				01C0234320C9C956003E48CC /* terms.css */,
			);
			path = htmls;
			sourceTree = "<group>";
		};
		01CFCF97215B97920048D56E /* Messages */ = {
			isa = PBXGroup;
			children = (
				01CFCF98215B97A30048D56E /* Messages.swift */,
			);
			path = Messages;
			sourceTree = "<group>";
		};
		01F57B3F21503472005F5F0C /* Storyboards */ = {
			isa = PBXGroup;
			children = (
				01C0230120C99304003E48CC /* Main.storyboard */,
				01F57B402150356C005F5F0C /* FBB.storyboard */,
				01F57B422150FC49005F5F0C /* Services.storyboard */,
				01F57B442150FC87005F5F0C /* TopUp.storyboard */,
				01F57B462150FE13005F5F0C /* ProductsServices.storyboard */,
				01F57B482151011E005F5F0C /* Settings.storyboard */,
				01F57B4A2151029F005F5F0C /* OffersExtras.storyboard */,
				01F57B4C2151041C005F5F0C /* About.storyboard */,
				01F57B4E21510558005F5F0C /* Support.storyboard */,
				01F57B5021510693005F5F0C /* Games.storyboard */,
				01F57B5B2153C469005F5F0C /* Roaming.storyboard */,
				015CEB02215572AC00341BA9 /* StoreLocator.storyboard */,
				01CFCF95215B97800048D56E /* Messages.storyboard */,
				015A53462163C80D0040807E /* NetPerform.storyboard */,
			);
			path = Storyboards;
			sourceTree = "<group>";
		};
		01F57B5221510899005F5F0C /* About */ = {
			isa = PBXGroup;
			children = (
				01AC078F20D7F2DD0034B6B8 /* AboutViewController.swift */,
				01AC079120D80CDC0034B6B8 /* TermsConditionsViewController.swift */,
				01AC079320D814320034B6B8 /* PrivacyPolicyViewController.swift */,
			);
			path = About;
			sourceTree = "<group>";
		};
		01F57B5321510A42005F5F0C /* Support */ = {
			isa = PBXGroup;
			children = (
				016CC59C211C48A7002B37E5 /* offlineNotifViewController.swift */,
				016CC5A0211CFC48002B37E5 /* NointernetViewController.swift */,
				01A95808212ADCD200F4D7C9 /* supportVC.swift */,
				01A9580A212B28C200F4D7C9 /* supportModalVc.swift */,
				019D7BBA212DB74E0036DCE2 /* reportFaultVc.swift */,
			);
			path = Support;
			sourceTree = "<group>";
		};
		01F57B5421510ABE005F5F0C /* Gaming */ = {
			isa = PBXGroup;
			children = (
				01C22A74213473530037B691 /* yendiAgoroVc.swift */,
			);
			path = Gaming;
			sourceTree = "<group>";
		};
		01F57B5521510B77005F5F0C /* Settings */ = {
			isa = PBXGroup;
			children = (
				0148E06420D9237E003D3F54 /* SettingsViewController.swift */,
				01CFCF9A215BA99B0048D56E /* SettingsVc.swift */,
				013C34AC215CF4C300581379 /* TouchID.swift */,
				01709C61215EB110008C8C3E /* notifications.swift */,
				01709C63215EC2AF008C8C3E /* settingsPrivacy.swift */,
				01E63B1421624233006CA19D /* personliseApp.swift */,
				01E63B1621624E00006CA19D /* chooseDefaultService.swift */,
			);
			path = Settings;
			sourceTree = "<group>";
		};
		01F57B5621510BC3005F5F0C /* OffersExtras */ = {
			isa = PBXGroup;
			children = (
				281AB50820E6713200AFE4A6 /* OffersExtrasViewController.swift */,
				0117A47D21148617003EBE09 /* BuyOfferViewController.swift */,
				01F738862137360600A30C1C /* displayChosenOfferVc.swift */,
				019538642108D48500E492A7 /* DisplayChosenOfferViewController.swift */,
			);
			path = OffersExtras;
			sourceTree = "<group>";
		};
		01F57B5721510CCE005F5F0C /* VCs */ = {
			isa = PBXGroup;
			children = (
				015A53482163C82F0040807E /* NetPerform */,
				01CFCF97215B97920048D56E /* Messages */,
				015CEB04215572CD00341BA9 /* StoreLocator */,
				01F57B5D2153C503005F5F0C /* Roaming */,
				285A1D062129C37600EBA1EC /* homeVC.swift */,
				01C022FF20C99304003E48CC /* ViewController.swift */,
				01F57B5821510D4D005F5F0C /* Account */,
				01F57B5621510BC3005F5F0C /* OffersExtras */,
				01F57B5521510B77005F5F0C /* Settings */,
				01F57B5421510ABE005F5F0C /* Gaming */,
				01F57B5321510A42005F5F0C /* Support */,
				01F57B5221510899005F5F0C /* About */,
				016DE603214FE1D000BEB882 /* TopUp */,
				281F8FC12146CC1A000B39A3 /* Services */,
				0119AF7D213F062C009B71C8 /* FBBMOVE */,
				01F7388321369B4900A30C1C /* baseControllers */,
			);
			path = VCs;
			sourceTree = "<group>";
		};
		01F57B5821510D4D005F5F0C /* Account */ = {
			isa = PBXGroup;
			children = (
				0148E06220D915E9003D3F54 /* LogoutViewController.swift */,
				0198E74D20DAB4B9000820F7 /* LoginViewController.swift */,
				016CC59E211C9EBD002B37E5 /* RegisterViewController.swift */,
				016CC5A2211D23BD002B37E5 /* AccountConfViewController.swift */,
				01CFCF9C215BFDA50048D56E /* ChangePasswordInApp.swift */,
			);
			path = Account;
			sourceTree = "<group>";
		};
		01F57B5D2153C503005F5F0C /* Roaming */ = {
			isa = PBXGroup;
			children = (
				01F57B5E2153C5A2005F5F0C /* SmartTraveller.swift */,
				01F57B602153E1F0005F5F0C /* RoamingBundles.swift */,
				01F57B62215408CC005F5F0C /* RoamingTips.swift */,
				01F57B6421540CA7005F5F0C /* RoamingPartners.swift */,
				015CEAFE215532DF00341BA9 /* ratesDiscounts.swift */,
				015CEB002155512C00341BA9 /* RoamingFaultReporting.swift */,
			);
			path = Roaming;
			sourceTree = "<group>";
		};
		01F7388321369B4900A30C1C /* baseControllers */ = {
			isa = PBXGroup;
			children = (
				01F7388421369BBE00A30C1C /* baseViewControllerM.swift */,
			);
			path = baseControllers;
			sourceTree = "<group>";
		};
		1C5942C9240515F0E2FDA28A /* Pods */ = {
			isa = PBXGroup;
			children = (
				04E81B81CBD9B8057781B417 /* Pods-My Vodafone.debug.xcconfig */,
				B8A29F7972C8550F82E74458 /* Pods-My Vodafone.release.xcconfig */,
			);
			name = Pods;
			sourceTree = "<group>";
		};
		281F8FC12146CC1A000B39A3 /* Services */ = {
			isa = PBXGroup;
			children = (
				281F8FC22146CC91000B39A3 /* creditTransferVc.swift */,
				01A3434C214A89F700B4A6A5 /* simSwapModal.swift */,
				01A3434E214A932E00B4A6A5 /* simSwapForm.swift */,
				01A34350214AF40900B4A6A5 /* appointmentsVc.swift */,
				018AC081211208E1002691E4 /* DialVodaCashViewController.swift */,
				01F5044F2125D28000359657 /* AddServiceConfViewController.swift */,
				01853EB720CFD19A002DEB7D /* ProductsServicesViewController.swift */,
				01853EBB20D00CB4002DEB7D /* AddServiceViewController.swift */,
				01853EBD20D05957002DEB7D /* UserProductsViewController.swift */,
				01F57B59215295C9005F5F0C /* userServiceDetails.swift */,
				0186E64A216B9736008B6601 /* unsubscribeVc.swift */,
			);
			path = Services;
			sourceTree = "<group>";
		};
		3E803F6E21EBB679FF7E8393 /* Frameworks */ = {
			isa = PBXGroup;
			children = (
				013C34AE215D29B800581379 /* LocalAuthentication.framework */,
				5AA0038E529ED64F7D0CAE19 /* Pods_My_Vodafone.framework */,
			);
			name = Frameworks;
			sourceTree = "<group>";
		};
/* End PBXGroup section */

/* Begin PBXNativeTarget section */
		01C022F920C99304003E48CC /* My Vodafone */ = {
			isa = PBXNativeTarget;
			buildConfigurationList = 01C0230C20C99305003E48CC /* Build configuration list for PBXNativeTarget "My Vodafone" */;
			buildPhases = (
				21194F58B3686A4F91B94A11 /* [CP] Check Pods Manifest.lock */,
				01C022F620C99304003E48CC /* Sources */,
				01C022F720C99304003E48CC /* Frameworks */,
				01C022F820C99304003E48CC /* Resources */,
				6D2BDE887BE4AEFA6EF51A47 /* [CP] Embed Pods Frameworks */,
				04BC7A45CA45136F7F37C50F /* [CP] Copy Pods Resources */,
			);
			buildRules = (
			);
			dependencies = (
			);
			name = "My Vodafone";
			productName = "My Vodafone";
			productReference = 01C022FA20C99304003E48CC /* My Vodafone.app */;
			productType = "com.apple.product-type.application";
		};
/* End PBXNativeTarget section */

/* Begin PBXProject section */
		01C022F220C99304003E48CC /* Project object */ = {
			isa = PBXProject;
			attributes = {
				LastSwiftUpdateCheck = 0920;
				LastUpgradeCheck = 0920;
				ORGANIZATIONNAME = "Chef Dennis Barimah";
				TargetAttributes = {
					01C022F920C99304003E48CC = {
						CreatedOnToolsVersion = 9.2;
						LastSwiftMigration = 0920;
						ProvisioningStyle = Automatic;
					};
				};
			};
			buildConfigurationList = 01C022F520C99304003E48CC /* Build configuration list for PBXProject "My Vodafone" */;
			compatibilityVersion = "Xcode 8.0";
			developmentRegion = en;
			hasScannedForEncodings = 0;
			knownRegions = (
				en,
				Base,
			);
			mainGroup = 01C022F120C99304003E48CC;
			productRefGroup = 01C022FB20C99304003E48CC /* Products */;
			projectDirPath = "";
			projectRoot = "";
			targets = (
				01C022F920C99304003E48CC /* My Vodafone */,
			);
		};
/* End PBXProject section */

/* Begin PBXResourcesBuildPhase section */
		01C022F820C99304003E48CC /* Resources */ = {
			isa = PBXResourcesBuildPhase;
			buildActionMask = 2147483647;
			files = (
				01C0233E20C9C940003E48CC /* Roboto-Thin.ttf in Resources */,
				01C0233D20C9C940003E48CC /* VodafoneRg_Bd.ttf in Resources */,
				01C0235220C9C957003E48CC /* terms_netperform.html in Resources */,
				01C0234020C9C940003E48CC /* Roboto-Light.ttf in Resources */,
				01F57B4F21510558005F5F0C /* Support.storyboard in Resources */,
				01C0235020C9C957003E48CC /* terms.css in Resources */,
				01C0233C20C9C940003E48CC /* Roboto-Regular.ttf in Resources */,
				01C0235120C9C957003E48CC /* icon2.png in Resources */,
				01F57B412150356C005F5F0C /* FBB.storyboard in Resources */,
				01F57B5C2153C469005F5F0C /* Roaming.storyboard in Resources */,
				01C0233A20C9C940003E48CC /* Roboto-Medium.ttf in Resources */,
				015CEB03215572AC00341BA9 /* StoreLocator.storyboard in Resources */,
				01F57B452150FC87005F5F0C /* TopUp.storyboard in Resources */,
				01C0235520C9C957003E48CC /* icon1.png in Resources */,
				01C0235920C9C957003E48CC /* roaming_faq.html in Resources */,
				01C0230820C99304003E48CC /* LaunchScreen.storyboard in Resources */,
				01C0234E20C9C957003E48CC /* custom.css in Resources */,
				01C0235720C9C957003E48CC /* slidebars.min.css in Resources */,
				015A53472163C80D0040807E /* NetPerform.storyboard in Resources */,
				01CFCF96215B97800048D56E /* Messages.storyboard in Resources */,
				01F57B432150FC49005F5F0C /* Services.storyboard in Resources */,
				01C0235420C9C957003E48CC /* font.css in Resources */,
				01C0235820C9C957003E48CC /* terms_and_conditions.html in Resources */,
				01F57B472150FE13005F5F0C /* ProductsServices.storyboard in Resources */,
				01F57B5121510693005F5F0C /* Games.storyboard in Resources */,
				01C0234F20C9C957003E48CC /* simswap.html in Resources */,
				01C0233B20C9C940003E48CC /* VodafoneLt.ttf in Resources */,
				01C0233F20C9C940003E48CC /* VodafoneRg.ttf in Resources */,
				01F57B4B2151029F005F5F0C /* OffersExtras.storyboard in Resources */,
				01C0235320C9C957003E48CC /* data_permissions.html in Resources */,
				01C0235620C9C957003E48CC /* app.v2.css in Resources */,
				01C0235A20C9C957003E48CC /* roamingdiscounts.html in Resources */,
				01F57B4D2151041C005F5F0C /* About.storyboard in Resources */,
				01C0230520C99304003E48CC /* Assets.xcassets in Resources */,
				01C0230320C99304003E48CC /* Main.storyboard in Resources */,
				01F57B492151011E005F5F0C /* Settings.storyboard in Resources */,
			);
			runOnlyForDeploymentPostprocessing = 0;
		};
/* End PBXResourcesBuildPhase section */

/* Begin PBXShellScriptBuildPhase section */
		04BC7A45CA45136F7F37C50F /* [CP] Copy Pods Resources */ = {
			isa = PBXShellScriptBuildPhase;
			buildActionMask = 2147483647;
			files = (
			);
			inputPaths = (
			);
			name = "[CP] Copy Pods Resources";
			outputPaths = (
			);
			runOnlyForDeploymentPostprocessing = 0;
			shellPath = /bin/sh;
			shellScript = "\"${SRCROOT}/Pods/Target Support Files/Pods-My Vodafone/Pods-My Vodafone-resources.sh\"\n";
			showEnvVarsInLog = 0;
		};
		21194F58B3686A4F91B94A11 /* [CP] Check Pods Manifest.lock */ = {
			isa = PBXShellScriptBuildPhase;
			buildActionMask = 2147483647;
			files = (
			);
			inputPaths = (
				"${PODS_PODFILE_DIR_PATH}/Podfile.lock",
				"${PODS_ROOT}/Manifest.lock",
			);
			name = "[CP] Check Pods Manifest.lock";
			outputPaths = (
				"$(DERIVED_FILE_DIR)/Pods-My Vodafone-checkManifestLockResult.txt",
			);
			runOnlyForDeploymentPostprocessing = 0;
			shellPath = /bin/sh;
			shellScript = "diff \"${PODS_PODFILE_DIR_PATH}/Podfile.lock\" \"${PODS_ROOT}/Manifest.lock\" > /dev/null\nif [ $? != 0 ] ; then\n    # print error to STDERR\n    echo \"error: The sandbox is not in sync with the Podfile.lock. Run 'pod install' or update your CocoaPods installation.\" >&2\n    exit 1\nfi\n# This output is used by Xcode 'outputs' to avoid re-running this script phase.\necho \"SUCCESS\" > \"${SCRIPT_OUTPUT_FILE_0}\"\n";
			showEnvVarsInLog = 0;
		};
		6D2BDE887BE4AEFA6EF51A47 /* [CP] Embed Pods Frameworks */ = {
			isa = PBXShellScriptBuildPhase;
			buildActionMask = 2147483647;
			files = (
			);
			inputPaths = (
				"${SRCROOT}/Pods/Target Support Files/Pods-My Vodafone/Pods-My Vodafone-frameworks.sh",
				"${BUILT_PRODUCTS_DIR}/SDWebImage/SDWebImage.framework",
			);
			name = "[CP] Embed Pods Frameworks";
			outputPaths = (
				"${TARGET_BUILD_DIR}/${FRAMEWORKS_FOLDER_PATH}/SDWebImage.framework",
			);
			runOnlyForDeploymentPostprocessing = 0;
			shellPath = /bin/sh;
			shellScript = "\"${SRCROOT}/Pods/Target Support Files/Pods-My Vodafone/Pods-My Vodafone-frameworks.sh\"\n";
			showEnvVarsInLog = 0;
		};
/* End PBXShellScriptBuildPhase section */

/* Begin PBXSourcesBuildPhase section */
		01C022F620C99304003E48CC /* Sources */ = {
			isa = PBXSourcesBuildPhase;
			buildActionMask = 2147483647;
			files = (
				01C0230020C99304003E48CC /* ViewController.swift in Sources */,
				01941D9B2119B2E300B7D207 /* AppExtensions.swift in Sources */,
				013C52902140389F00A9E67C /* confirmFBBVoucher.swift in Sources */,
				0160449F21187759008BD98F /* GestureView.swift in Sources */,
				018BB2DC21009B490004D697 /* mvaExtensions.swift in Sources */,
				01A74FF621413BC900F86A65 /* FBBPackages.swift in Sources */,
				01C022FE20C99304003E48CC /* AppDelegate.swift in Sources */,
				01CFCF99215B97A30048D56E /* Messages.swift in Sources */,
				01F57B5F2153C5A2005F5F0C /* SmartTraveller.swift in Sources */,
				01A3434F214A932E00B4A6A5 /* simSwapForm.swift in Sources */,
				013C34AD215CF4C300581379 /* TouchID.swift in Sources */,
				015CEB062155730300341BA9 /* StoreLocatorVc.swift in Sources */,
				01F57B63215408CC005F5F0C /* RoamingTips.swift in Sources */,
				285A1D072129C37600EBA1EC /* homeVC.swift in Sources */,
				01853EBC20D00CB4002DEB7D /* AddServiceViewController.swift in Sources */,
				0119AF7C213E9090009B71C8 /* fbbShareVc.swift in Sources */,
				016CC5A1211CFC48002B37E5 /* NointernetViewController.swift in Sources */,
				016CC59D211C48A7002B37E5 /* offlineNotifViewController.swift in Sources */,
				01853EB820CFD19A002DEB7D /* ProductsServicesViewController.swift in Sources */,
				28E4B19120E966BF00336B1B /* TopUpViewController.swift in Sources */,
				016DE602214FE09E00BEB882 /* staffCreditRedeeming.swift in Sources */,
				016CC59F211C9EBD002B37E5 /* RegisterViewController.swift in Sources */,
				01F57B6521540CA7005F5F0C /* RoamingPartners.swift in Sources */,
				019538652108D48500E492A7 /* DisplayChosenOfferViewController.swift in Sources */,
				01C22A75213473530037B691 /* yendiAgoroVc.swift in Sources */,
				281AB50920E6713200AFE4A6 /* OffersExtrasViewController.swift in Sources */,
				0148E06320D915E9003D3F54 /* LogoutViewController.swift in Sources */,
				0119AF7F213F08C3009B71C8 /* fbbPayVoucherVc.swift in Sources */,
				01F504502125D28000359657 /* AddServiceConfViewController.swift in Sources */,
				01853EBE20D05957002DEB7D /* UserProductsViewController.swift in Sources */,
				01A34351214AF40900B4A6A5 /* appointmentsVc.swift in Sources */,
				018AC082211208E1002691E4 /* DialVodaCashViewController.swift in Sources */,
				013C528E213FF79700A9E67C /* linkFBBUpdateVc.swift in Sources */,
				01CFCF94215B8FD70048D56E /* GetDirectionToStore.swift in Sources */,
				0185F8F1215A67E300CC2F22 /* CustomTableViewForStoreLocator.swift in Sources */,
				0186E64B216B9736008B6601 /* unsubscribeVc.swift in Sources */,
				01A3434B214A6C9400B4A6A5 /* FBBPayExpressPay.swift in Sources */,
				01A9580B212B28C200F4D7C9 /* supportModalVc.swift in Sources */,
				01C1A8172107A01300D4CDDC /* mvaURLS.swift in Sources */,
				01AC079220D80CDC0034B6B8 /* TermsConditionsViewController.swift in Sources */,
				01F7388521369BBE00A30C1C /* baseViewControllerM.swift in Sources */,
				01885B2220CED5B100D0A325 /* homePrePaidViewController.swift in Sources */,
				281F8FC32146CC91000B39A3 /* creditTransferVc.swift in Sources */,
				01A3434D214A89F700B4A6A5 /* simSwapModal.swift in Sources */,
				019D7BBB212DB74E0036DCE2 /* reportFaultVc.swift in Sources */,
				01FDDD5D21388AEC00F71249 /* checkFBBBalance.swift in Sources */,
				01F57B5A215295C9005F5F0C /* userServiceDetails.swift in Sources */,
				01AC079420D814320034B6B8 /* PrivacyPolicyViewController.swift in Sources */,
				01E63B1521624233006CA19D /* personliseApp.swift in Sources */,
				01F738872137360600A30C1C /* displayChosenOfferVc.swift in Sources */,
				018B7AD1213D98BE002753B7 /* confirmFBBMove.swift in Sources */,
				01F57B612153E1F0005F5F0C /* RoamingBundles.swift in Sources */,
				01AC079020D7F2DD0034B6B8 /* AboutViewController.swift in Sources */,
				01853EBA20CFD81E002DEB7D /* CardView.swift in Sources */,
				0199F5F121398FA000906580 /* fbbMove.swift in Sources */,
				01A74FFB2141810500F86A65 /* confirmChangePlan.swift in Sources */,
				014E311720ECCD03004ACE9A /* toppingUpViewController.swift in Sources */,
				01A3434921496E1600B4A6A5 /* changePlanForm.swift in Sources */,
				01709C60215E3103008C8C3E /* KeychainSwiftDistrib.swift in Sources */,
				019538632108C5EB00E492A7 /* mvaConfig.swift in Sources */,
				01CFCF9D215BFDA50048D56E /* ChangePasswordInApp.swift in Sources */,
				0199F5EF21396DB400906580 /* displayFBBBalance.swift in Sources */,
				018B7ACF213D48C9002753B7 /* linkFBBVc.swift in Sources */,
				01A95809212ADCD200F4D7C9 /* supportVC.swift in Sources */,
				01E63B1721624E00006CA19D /* chooseDefaultService.swift in Sources */,
				28937EE620EF96D20061F82B /* RoundView.swift in Sources */,
				0117A47E21148617003EBE09 /* BuyOfferViewController.swift in Sources */,
				01709C62215EB110008C8C3E /* notifications.swift in Sources */,
				01709C64215EC2AF008C8C3E /* settingsPrivacy.swift in Sources */,
				015CEB012155512C00341BA9 /* RoamingFaultReporting.swift in Sources */,
				0198E74E20DAB4B9000820F7 /* LoginViewController.swift in Sources */,
				01941D9D2119F34B00B7D207 /* CheckInternet.swift in Sources */,
				015A534A2163C8650040807E /* speedChecker.swift in Sources */,
				016CC5A3211D23BD002B37E5 /* AccountConfViewController.swift in Sources */,
				01CFCF9B215BA99B0048D56E /* SettingsVc.swift in Sources */,
				015CEAFF215532DF00341BA9 /* ratesDiscounts.swift in Sources */,
				0148E06520D9237E003D3F54 /* SettingsViewController.swift in Sources */,
			);
			runOnlyForDeploymentPostprocessing = 0;
		};
/* End PBXSourcesBuildPhase section */

/* Begin PBXVariantGroup section */
		01C0230120C99304003E48CC /* Main.storyboard */ = {
			isa = PBXVariantGroup;
			children = (
				01C0230220C99304003E48CC /* Base */,
			);
			name = Main.storyboard;
			sourceTree = "<group>";
		};
		01C0230620C99304003E48CC /* LaunchScreen.storyboard */ = {
			isa = PBXVariantGroup;
			children = (
				01C0230720C99304003E48CC /* Base */,
			);
			name = LaunchScreen.storyboard;
			sourceTree = "<group>";
		};
/* End PBXVariantGroup section */

/* Begin XCBuildConfiguration section */
		01C0230A20C99305003E48CC /* Debug */ = {
			isa = XCBuildConfiguration;
			buildSettings = {
				ALWAYS_SEARCH_USER_PATHS = NO;
				CLANG_ANALYZER_NONNULL = YES;
				CLANG_ANALYZER_NUMBER_OBJECT_CONVERSION = YES_AGGRESSIVE;
				CLANG_CXX_LANGUAGE_STANDARD = "gnu++14";
				CLANG_CXX_LIBRARY = "libc++";
				CLANG_ENABLE_MODULES = YES;
				CLANG_ENABLE_OBJC_ARC = YES;
				CLANG_WARN_BLOCK_CAPTURE_AUTORELEASING = YES;
				CLANG_WARN_BOOL_CONVERSION = YES;
				CLANG_WARN_COMMA = YES;
				CLANG_WARN_CONSTANT_CONVERSION = YES;
				CLANG_WARN_DIRECT_OBJC_ISA_USAGE = YES_ERROR;
				CLANG_WARN_DOCUMENTATION_COMMENTS = YES;
				CLANG_WARN_EMPTY_BODY = YES;
				CLANG_WARN_ENUM_CONVERSION = YES;
				CLANG_WARN_INFINITE_RECURSION = YES;
				CLANG_WARN_INT_CONVERSION = YES;
				CLANG_WARN_NON_LITERAL_NULL_CONVERSION = YES;
				CLANG_WARN_OBJC_LITERAL_CONVERSION = YES;
				CLANG_WARN_OBJC_ROOT_CLASS = YES_ERROR;
				CLANG_WARN_RANGE_LOOP_ANALYSIS = YES;
				CLANG_WARN_STRICT_PROTOTYPES = YES;
				CLANG_WARN_SUSPICIOUS_MOVE = YES;
				CLANG_WARN_UNGUARDED_AVAILABILITY = YES_AGGRESSIVE;
				CLANG_WARN_UNREACHABLE_CODE = YES;
				CLANG_WARN__DUPLICATE_METHOD_MATCH = YES;
				CODE_SIGN_IDENTITY = "iPhone Developer";
				COPY_PHASE_STRIP = NO;
				DEBUG_INFORMATION_FORMAT = dwarf;
				ENABLE_STRICT_OBJC_MSGSEND = YES;
				ENABLE_TESTABILITY = YES;
				GCC_C_LANGUAGE_STANDARD = gnu11;
				GCC_DYNAMIC_NO_PIC = NO;
				GCC_NO_COMMON_BLOCKS = YES;
				GCC_OPTIMIZATION_LEVEL = 0;
				GCC_PREPROCESSOR_DEFINITIONS = (
					"DEBUG=1",
					"$(inherited)",
				);
				GCC_WARN_64_TO_32_BIT_CONVERSION = YES;
				GCC_WARN_ABOUT_RETURN_TYPE = YES_ERROR;
				GCC_WARN_UNDECLARED_SELECTOR = YES;
				GCC_WARN_UNINITIALIZED_AUTOS = YES_AGGRESSIVE;
				GCC_WARN_UNUSED_FUNCTION = YES;
				GCC_WARN_UNUSED_VARIABLE = YES;
				IPHONEOS_DEPLOYMENT_TARGET = 11.2;
				MTL_ENABLE_DEBUG_INFO = YES;
				ONLY_ACTIVE_ARCH = YES;
				SDKROOT = iphoneos;
				SWIFT_ACTIVE_COMPILATION_CONDITIONS = DEBUG;
				SWIFT_OPTIMIZATION_LEVEL = "-Onone";
			};
			name = Debug;
		};
		01C0230B20C99305003E48CC /* Release */ = {
			isa = XCBuildConfiguration;
			buildSettings = {
				ALWAYS_SEARCH_USER_PATHS = NO;
				CLANG_ANALYZER_NONNULL = YES;
				CLANG_ANALYZER_NUMBER_OBJECT_CONVERSION = YES_AGGRESSIVE;
				CLANG_CXX_LANGUAGE_STANDARD = "gnu++14";
				CLANG_CXX_LIBRARY = "libc++";
				CLANG_ENABLE_MODULES = YES;
				CLANG_ENABLE_OBJC_ARC = YES;
				CLANG_WARN_BLOCK_CAPTURE_AUTORELEASING = YES;
				CLANG_WARN_BOOL_CONVERSION = YES;
				CLANG_WARN_COMMA = YES;
				CLANG_WARN_CONSTANT_CONVERSION = YES;
				CLANG_WARN_DIRECT_OBJC_ISA_USAGE = YES_ERROR;
				CLANG_WARN_DOCUMENTATION_COMMENTS = YES;
				CLANG_WARN_EMPTY_BODY = YES;
				CLANG_WARN_ENUM_CONVERSION = YES;
				CLANG_WARN_INFINITE_RECURSION = YES;
				CLANG_WARN_INT_CONVERSION = YES;
				CLANG_WARN_NON_LITERAL_NULL_CONVERSION = YES;
				CLANG_WARN_OBJC_LITERAL_CONVERSION = YES;
				CLANG_WARN_OBJC_ROOT_CLASS = YES_ERROR;
				CLANG_WARN_RANGE_LOOP_ANALYSIS = YES;
				CLANG_WARN_STRICT_PROTOTYPES = YES;
				CLANG_WARN_SUSPICIOUS_MOVE = YES;
				CLANG_WARN_UNGUARDED_AVAILABILITY = YES_AGGRESSIVE;
				CLANG_WARN_UNREACHABLE_CODE = YES;
				CLANG_WARN__DUPLICATE_METHOD_MATCH = YES;
				CODE_SIGN_IDENTITY = "iPhone Developer";
				COPY_PHASE_STRIP = NO;
				DEBUG_INFORMATION_FORMAT = "dwarf-with-dsym";
				ENABLE_NS_ASSERTIONS = NO;
				ENABLE_STRICT_OBJC_MSGSEND = YES;
				GCC_C_LANGUAGE_STANDARD = gnu11;
				GCC_NO_COMMON_BLOCKS = YES;
				GCC_WARN_64_TO_32_BIT_CONVERSION = YES;
				GCC_WARN_ABOUT_RETURN_TYPE = YES_ERROR;
				GCC_WARN_UNDECLARED_SELECTOR = YES;
				GCC_WARN_UNINITIALIZED_AUTOS = YES_AGGRESSIVE;
				GCC_WARN_UNUSED_FUNCTION = YES;
				GCC_WARN_UNUSED_VARIABLE = YES;
				IPHONEOS_DEPLOYMENT_TARGET = 11.2;
				MTL_ENABLE_DEBUG_INFO = NO;
				SDKROOT = iphoneos;
				SWIFT_OPTIMIZATION_LEVEL = "-Owholemodule";
				VALIDATE_PRODUCT = YES;
			};
			name = Release;
		};
		01C0230D20C99305003E48CC /* Debug */ = {
			isa = XCBuildConfiguration;
			baseConfigurationReference = 04E81B81CBD9B8057781B417 /* Pods-My Vodafone.debug.xcconfig */;
			buildSettings = {
				ASSETCATALOG_COMPILER_APPICON_NAME = AppIcon;
				CLANG_ENABLE_MODULES = YES;
				CODE_SIGN_STYLE = Automatic;
				DEVELOPMENT_TEAM = 2CV55CA5C8;
				INFOPLIST_FILE = "My Vodafone/Info.plist";
				LD_RUNPATH_SEARCH_PATHS = "$(inherited) @executable_path/Frameworks";
				PRODUCT_BUNDLE_IDENTIFIER = "com.myvodafone.app.My-Vodafone";
				PRODUCT_NAME = "$(TARGET_NAME)";
				SWIFT_OBJC_BRIDGING_HEADER = "My Vodafone/My Vodafone-Bridging-Header.h";
				SWIFT_OPTIMIZATION_LEVEL = "-Onone";
				SWIFT_VERSION = 4.0;
				TARGETED_DEVICE_FAMILY = "1,2";
			};
			name = Debug;
		};
		01C0230E20C99305003E48CC /* Release */ = {
			isa = XCBuildConfiguration;
			baseConfigurationReference = B8A29F7972C8550F82E74458 /* Pods-My Vodafone.release.xcconfig */;
			buildSettings = {
				ASSETCATALOG_COMPILER_APPICON_NAME = AppIcon;
				CLANG_ENABLE_MODULES = YES;
				CODE_SIGN_STYLE = Automatic;
				DEVELOPMENT_TEAM = 2CV55CA5C8;
				INFOPLIST_FILE = "My Vodafone/Info.plist";
				LD_RUNPATH_SEARCH_PATHS = "$(inherited) @executable_path/Frameworks";
				PRODUCT_BUNDLE_IDENTIFIER = "com.myvodafone.app.My-Vodafone";
				PRODUCT_NAME = "$(TARGET_NAME)";
				SWIFT_OBJC_BRIDGING_HEADER = "My Vodafone/My Vodafone-Bridging-Header.h";
				SWIFT_VERSION = 4.0;
				TARGETED_DEVICE_FAMILY = "1,2";
			};
			name = Release;
		};
/* End XCBuildConfiguration section */

/* Begin XCConfigurationList section */
		01C022F520C99304003E48CC /* Build configuration list for PBXProject "My Vodafone" */ = {
			isa = XCConfigurationList;
			buildConfigurations = (
				01C0230A20C99305003E48CC /* Debug */,
				01C0230B20C99305003E48CC /* Release */,
			);
			defaultConfigurationIsVisible = 0;
			defaultConfigurationName = Release;
		};
		01C0230C20C99305003E48CC /* Build configuration list for PBXNativeTarget "My Vodafone" */ = {
			isa = XCConfigurationList;
			buildConfigurations = (
				01C0230D20C99305003E48CC /* Debug */,
				01C0230E20C99305003E48CC /* Release */,
			);
			defaultConfigurationIsVisible = 0;
			defaultConfigurationName = Release;
		};
/* End XCConfigurationList section */
	};
	rootObject = 01C022F220C99304003E48CC /* Project object */;
}
